PODS:
  - Bolts-Swift (1.3.0)
  - Bolts/Tasks (1.9.0)
  - Parse (1.15.4):
    - Bolts/Tasks (~> 1.9)
  - ParseLiveQuery (2.2.3):
    - Bolts-Swift (~> 1.3)
    - Parse (~> 1.15.0)
    - Starscream (= 2.1.1)
  - ReadMoreTextView (3.0.0)
  - Starscream (2.1.1)
  - SWSegmentedControl (2.3.0)

DEPENDENCIES:
  - Parse (from `https://github.com/parse-community/Parse-SDK-iOS-OSX.git`)
  - ParseLiveQuery (from `https://github.com/parse-community/ParseLiveQuery-iOS-OSX.git`)
  - ReadMoreTextView
  - SWSegmentedControl

EXTERNAL SOURCES:
  Parse:
    :git: https://github.com/parse-community/Parse-SDK-iOS-OSX.git
  ParseLiveQuery:
    :git: https://github.com/parse-community/ParseLiveQuery-iOS-OSX.git

CHECKOUT OPTIONS:
  Parse:
    :commit: 2032defa956121c20828b46a4d99a2712474a00a
    :git: https://github.com/parse-community/Parse-SDK-iOS-OSX.git
  ParseLiveQuery:
    :commit: e04adfe654676867459338b3e7bbcba0a1bf85b6
    :git: https://github.com/parse-community/ParseLiveQuery-iOS-OSX.git

SPEC CHECKSUMS:
  Bolts: ac6567323eac61e203f6a9763667d0f711be34c8
  Bolts-Swift: fa98d1b59fc1acea9b21a21306dcdca1c85e3737
  Parse: 1968c634e1c782fb31aad6872f6d32de911bb122
  ParseLiveQuery: a81dd8c8530a4b409aef66346be0cf9c26231e0e
  ReadMoreTextView: d872de55c5850c702f8d8ce591fb70e5d00c873a
  Starscream: 142bd8ef24592d985daee9fa48c936070b85b15f
  SWSegmentedControl: 2e0b7328fddfe23817e0a2007fd07fbb1a32787a

PODFILE CHECKSUM: dc01026c2d5b396595fa064f2b52d1e1394f1be6

COCOAPODS: 1.1.1
