// !$*UTF8*$!
{
	archiveVersion = 1;
	classes = {
	};
	objectVersion = 46;
	objects = {

/* Begin PBXBuildFile section */
		C317A0471FB615C9009B0F0D /* FloatRatingView.swift in Sources */ = {isa = PBXBuildFile; fileRef = C317A0461FB615C9009B0F0D /* FloatRatingView.swift */; };
		C31C25081F0BF922006492EF /* FormatoFechas.swift in Sources */ = {isa = PBXBuildFile; fileRef = C31C25071F0BF922006492EF /* FormatoFechas.swift */; };
		C3220A601F8FA90600A08B15 /* CongresoTabBarVC.swift in Sources */ = {isa = PBXBuildFile; fileRef = C3220A5F1F8FA90600A08B15 /* CongresoTabBarVC.swift */; };
		C3220A631F8FAD2A00A08B15 /* TabBarAppVC.swift in Sources */ = {isa = PBXBuildFile; fileRef = C3220A621F8FAD2A00A08B15 /* TabBarAppVC.swift */; };
		C3220A671F8FC48F00A08B15 /* CongresosVC.swift in Sources */ = {isa = PBXBuildFile; fileRef = C3220A661F8FC48F00A08B15 /* CongresosVC.swift */; };
		C3220A691F8FC4A200A08B15 /* DirectivaVC.swift in Sources */ = {isa = PBXBuildFile; fileRef = C3220A681F8FC4A200A08B15 /* DirectivaVC.swift */; };
		C3220A6B1F8FC4AF00A08B15 /* SociedadVC.swift in Sources */ = {isa = PBXBuildFile; fileRef = C3220A6A1F8FC4AF00A08B15 /* SociedadVC.swift */; };
		C3220A751F9296C700A08B15 /* DirectorioVC.swift in Sources */ = {isa = PBXBuildFile; fileRef = C3220A741F9296C700A08B15 /* DirectorioVC.swift */; };
		C3220A771F92970700A08B15 /* NovedadesVC.swift in Sources */ = {isa = PBXBuildFile; fileRef = C3220A761F92970700A08B15 /* NovedadesVC.swift */; };
		C3220A7A1F92D85400A08B15 /* CongresoNavViewController.swift in Sources */ = {isa = PBXBuildFile; fileRef = C3220A791F92D85400A08B15 /* CongresoNavViewController.swift */; };
		C3220A7C1F92F5A500A08B15 /* MaterialesVC.swift in Sources */ = {isa = PBXBuildFile; fileRef = C3220A7B1F92F5A500A08B15 /* MaterialesVC.swift */; };
		C32FF1611F9520FA00E41BA2 /* UserNotifications.framework in Frameworks */ = {isa = PBXBuildFile; fileRef = C32FF1601F9520FA00E41BA2 /* UserNotifications.framework */; };
		C330F7331FB513D8005BAF8C /* EncuestaVC.swift in Sources */ = {isa = PBXBuildFile; fileRef = C330F7321FB513D8005BAF8C /* EncuestaVC.swift */; };
		C332B2661FD74AA500D4A94D /* Back_Arrow.png in Resources */ = {isa = PBXBuildFile; fileRef = C332B2601FD74AA500D4A94D /* Back_Arrow.png */; };
		C332B2671FD74AA500D4A94D /* Back_Arrow@2x.png in Resources */ = {isa = PBXBuildFile; fileRef = C332B2611FD74AA500D4A94D /* Back_Arrow@2x.png */; };
		C332B2681FD74AA500D4A94D /* Back_Arrow@3x.png in Resources */ = {isa = PBXBuildFile; fileRef = C332B2621FD74AA500D4A94D /* Back_Arrow@3x.png */; };
		C332B2691FD74AA500D4A94D /* next Arrow.png in Resources */ = {isa = PBXBuildFile; fileRef = C332B2631FD74AA500D4A94D /* next Arrow.png */; };
		C332B26A1FD74AA500D4A94D /* next Arrow@2x.png in Resources */ = {isa = PBXBuildFile; fileRef = C332B2641FD74AA500D4A94D /* next Arrow@2x.png */; };
		C332B26B1FD74AA500D4A94D /* next Arrow@3x.png in Resources */ = {isa = PBXBuildFile; fileRef = C332B2651FD74AA500D4A94D /* next Arrow@3x.png */; };
		C332C2551FA91B04003F8DDE /* RefreshData.swift in Sources */ = {isa = PBXBuildFile; fileRef = C332C2541FA91B04003F8DDE /* RefreshData.swift */; };
		C33455AD1FDF2E18006E548A /* ImgDoc@1x.png in Resources */ = {isa = PBXBuildFile; fileRef = C33455AA1FDF2E16006E548A /* ImgDoc@1x.png */; };
		C33455AE1FDF2E18006E548A /* ImgDoc@2x.png in Resources */ = {isa = PBXBuildFile; fileRef = C33455AB1FDF2E16006E548A /* ImgDoc@2x.png */; };
		C33455AF1FDF2E18006E548A /* ImgDoc@3x.png in Resources */ = {isa = PBXBuildFile; fileRef = C33455AC1FDF2E17006E548A /* ImgDoc@3x.png */; };
		C33455B11FDF48E5006E548A /* MoreVC.swift in Sources */ = {isa = PBXBuildFile; fileRef = C33455B01FDF48E5006E548A /* MoreVC.swift */; };
		C334EDE31F0D3E3700A084D4 /* MapVC.swift in Sources */ = {isa = PBXBuildFile; fileRef = C334EDE21F0D3E3700A084D4 /* MapVC.swift */; };
		C337AAD91F94E2D200164780 /* DetalleMaterialesVC.swift in Sources */ = {isa = PBXBuildFile; fileRef = C337AAD81F94E2D200164780 /* DetalleMaterialesVC.swift */; };
		C33B00EB1FD98FF2002F3467 /* almuerzo@2x.png in Resources */ = {isa = PBXBuildFile; fileRef = C33B00E81FD98FF2002F3467 /* almuerzo@2x.png */; };
		C33B00EC1FD98FF2002F3467 /* almuerzo@3x.png in Resources */ = {isa = PBXBuildFile; fileRef = C33B00E91FD98FF2002F3467 /* almuerzo@3x.png */; };
		C33B00ED1FD98FF2002F3467 /* almuerzo@1x.png in Resources */ = {isa = PBXBuildFile; fileRef = C33B00EA1FD98FF2002F3467 /* almuerzo@1x.png */; };
		C33B350E1FEB06A000F90B86 /* icono_ociedad_plomo@3x.png in Resources */ = {isa = PBXBuildFile; fileRef = C33B35081FEB069D00F90B86 /* icono_ociedad_plomo@3x.png */; };
		C33B350F1FEB06A000F90B86 /* icono_ociedad_azul.png in Resources */ = {isa = PBXBuildFile; fileRef = C33B35091FEB069E00F90B86 /* icono_ociedad_azul.png */; };
		C33B35101FEB06A000F90B86 /* icono_ociedad_azul@2x.png in Resources */ = {isa = PBXBuildFile; fileRef = C33B350A1FEB069F00F90B86 /* icono_ociedad_azul@2x.png */; };
		C33B35111FEB06A000F90B86 /* icono_ociedad_azul@3x.png in Resources */ = {isa = PBXBuildFile; fileRef = C33B350B1FEB069F00F90B86 /* icono_ociedad_azul@3x.png */; };
		C33B35121FEB06A000F90B86 /* icono_ociedad_plomo.png in Resources */ = {isa = PBXBuildFile; fileRef = C33B350C1FEB069F00F90B86 /* icono_ociedad_plomo.png */; };
		C33B35131FEB06A000F90B86 /* icono_ociedad_plomo@2x.png in Resources */ = {isa = PBXBuildFile; fileRef = C33B350D1FEB069F00F90B86 /* icono_ociedad_plomo@2x.png */; };
		C33E29491FA2342500C11D4A /* SplashVC.swift in Sources */ = {isa = PBXBuildFile; fileRef = C33E29481FA2342500C11D4A /* SplashVC.swift */; };
		C33E294B1FA251ED00C11D4A /* splashSMS2017@3x.png in Resources */ = {isa = PBXBuildFile; fileRef = C33E294A1FA251EC00C11D4A /* splashSMS2017@3x.png */; };
		C340B2D5203DA60D004EEAEF /* CTableViewCell.swift in Sources */ = {isa = PBXBuildFile; fileRef = C340B2D4203DA60D004EEAEF /* CTableViewCell.swift */; };
		C340B2D9203DA633004EEAEF /* CollectionViewCell.swift in Sources */ = {isa = PBXBuildFile; fileRef = C340B2D8203DA633004EEAEF /* CollectionViewCell.swift */; };
		C347B9E91FAD15FC00CB0CB0 /* PreguntasVC.swift in Sources */ = {isa = PBXBuildFile; fileRef = C347B9E81FAD15FC00CB0CB0 /* PreguntasVC.swift */; };
		C34BA87E1F04173500022E6B /* AppDelegate.swift in Sources */ = {isa = PBXBuildFile; fileRef = C34BA87D1F04173500022E6B /* AppDelegate.swift */; };
		C34BA8801F04173500022E6B /* ProgramaVC.swift in Sources */ = {isa = PBXBuildFile; fileRef = C34BA87F1F04173500022E6B /* ProgramaVC.swift */; };
		C34BA8831F04173500022E6B /* Main.storyboard in Resources */ = {isa = PBXBuildFile; fileRef = C34BA8811F04173500022E6B /* Main.storyboard */; };
		C34BA8881F04173500022E6B /* Assets.xcassets in Resources */ = {isa = PBXBuildFile; fileRef = C34BA8871F04173500022E6B /* Assets.xcassets */; };
		C34BA88B1F04173500022E6B /* LaunchScreen.storyboard in Resources */ = {isa = PBXBuildFile; fileRef = C34BA8891F04173500022E6B /* LaunchScreen.storyboard */; };
		C359BFCA1FE030A10040355F /* btn_Favoritos@1x.png in Resources */ = {isa = PBXBuildFile; fileRef = C359BFA91FE030A10040355F /* btn_Favoritos@1x.png */; };
		C359BFCB1FE030A10040355F /* btn_Favoritos@2x.png in Resources */ = {isa = PBXBuildFile; fileRef = C359BFAA1FE030A10040355F /* btn_Favoritos@2x.png */; };
		C359BFCC1FE030A10040355F /* btn_Favoritos@3x.png in Resources */ = {isa = PBXBuildFile; fileRef = C359BFAB1FE030A10040355F /* btn_Favoritos@3x.png */; };
		C359BFCD1FE030A10040355F /* Btn_Favoritos_azul@1x.png in Resources */ = {isa = PBXBuildFile; fileRef = C359BFAC1FE030A10040355F /* Btn_Favoritos_azul@1x.png */; };
		C359BFCE1FE030A10040355F /* Btn_Favoritos_azul@2x.png in Resources */ = {isa = PBXBuildFile; fileRef = C359BFAD1FE030A10040355F /* Btn_Favoritos_azul@2x.png */; };
		C359BFCF1FE030A10040355F /* Btn_Favoritos_azul@3x.png in Resources */ = {isa = PBXBuildFile; fileRef = C359BFAE1FE030A10040355F /* Btn_Favoritos_azul@3x.png */; };
		C359BFD01FE030A10040355F /* btn_Favoritos_calor.png in Resources */ = {isa = PBXBuildFile; fileRef = C359BFAF1FE030A10040355F /* btn_Favoritos_calor.png */; };
		C359BFD11FE030A10040355F /* btn_Favoritos_calor@2x.png in Resources */ = {isa = PBXBuildFile; fileRef = C359BFB01FE030A10040355F /* btn_Favoritos_calor@2x.png */; };
		C359BFD21FE030A10040355F /* btn_Favoritos_calor@3x.png in Resources */ = {isa = PBXBuildFile; fileRef = C359BFB11FE030A10040355F /* btn_Favoritos_calor@3x.png */; };
		C359BFD31FE030A10040355F /* Btn_Favoritos_plomo@1x.png in Resources */ = {isa = PBXBuildFile; fileRef = C359BFB21FE030A10040355F /* Btn_Favoritos_plomo@1x.png */; };
		C359BFD41FE030A10040355F /* Btn_Favoritos_plomo@2x.png in Resources */ = {isa = PBXBuildFile; fileRef = C359BFB31FE030A10040355F /* Btn_Favoritos_plomo@2x.png */; };
		C359BFD51FE030A10040355F /* Btn_Favoritos_plomo@3x.png in Resources */ = {isa = PBXBuildFile; fileRef = C359BFB41FE030A10040355F /* Btn_Favoritos_plomo@3x.png */; };
		C359BFD61FE030A10040355F /* Patrocinador_azul@1x.png in Resources */ = {isa = PBXBuildFile; fileRef = C359BFB61FE030A10040355F /* Patrocinador_azul@1x.png */; };
		C359BFD71FE030A10040355F /* Patrocinador_azul@2x.png in Resources */ = {isa = PBXBuildFile; fileRef = C359BFB71FE030A10040355F /* Patrocinador_azul@2x.png */; };
		C359BFD81FE030A10040355F /* Patrocinador_azul@3x.png in Resources */ = {isa = PBXBuildFile; fileRef = C359BFB81FE030A10040355F /* Patrocinador_azul@3x.png */; };
		C359BFD91FE030A10040355F /* Patrocinador_Plomo@1x.png in Resources */ = {isa = PBXBuildFile; fileRef = C359BFB91FE030A10040355F /* Patrocinador_Plomo@1x.png */; };
		C359BFDA1FE030A10040355F /* Patrocinador_Plomo@2x.png in Resources */ = {isa = PBXBuildFile; fileRef = C359BFBA1FE030A10040355F /* Patrocinador_Plomo@2x.png */; };
		C359BFDB1FE030A10040355F /* Patrocinador_Plomo@3x.png in Resources */ = {isa = PBXBuildFile; fileRef = C359BFBB1FE030A10040355F /* Patrocinador_Plomo@3x.png */; };
		C359BFDC1FE030A10040355F /* Btn_ponentes_azul@1x.png in Resources */ = {isa = PBXBuildFile; fileRef = C359BFBD1FE030A10040355F /* Btn_ponentes_azul@1x.png */; };
		C359BFDD1FE030A10040355F /* Btn_ponentes_azul@2x.png in Resources */ = {isa = PBXBuildFile; fileRef = C359BFBE1FE030A10040355F /* Btn_ponentes_azul@2x.png */; };
		C359BFDE1FE030A10040355F /* Btn_ponentes_azul@3x.png in Resources */ = {isa = PBXBuildFile; fileRef = C359BFBF1FE030A10040355F /* Btn_ponentes_azul@3x.png */; };
		C359BFDF1FE030A10040355F /* Btn_ponentes_plomo@1x.png in Resources */ = {isa = PBXBuildFile; fileRef = C359BFC01FE030A10040355F /* Btn_ponentes_plomo@1x.png */; };
		C359BFE01FE030A10040355F /* Btn_ponentes_plomo@2x.png in Resources */ = {isa = PBXBuildFile; fileRef = C359BFC11FE030A10040355F /* Btn_ponentes_plomo@2x.png */; };
		C359BFE11FE030A10040355F /* Btn_ponentes_plomo@3x.png in Resources */ = {isa = PBXBuildFile; fileRef = C359BFC21FE030A10040355F /* Btn_ponentes_plomo@3x.png */; };
		C359BFE21FE030A10040355F /* Btn_programa_final@1x.png in Resources */ = {isa = PBXBuildFile; fileRef = C359BFC41FE030A10040355F /* Btn_programa_final@1x.png */; };
		C359BFE31FE030A10040355F /* Btn_programa_final@2x.png in Resources */ = {isa = PBXBuildFile; fileRef = C359BFC51FE030A10040355F /* Btn_programa_final@2x.png */; };
		C359BFE41FE030A10040355F /* Btn_programa_final@3x.png in Resources */ = {isa = PBXBuildFile; fileRef = C359BFC61FE030A10040355F /* Btn_programa_final@3x.png */; };
		C359BFE51FE030A10040355F /* Btn_programa_final_plomo@1x.png in Resources */ = {isa = PBXBuildFile; fileRef = C359BFC71FE030A10040355F /* Btn_programa_final_plomo@1x.png */; };
		C359BFE61FE030A10040355F /* Btn_programa_final_plomo@2x.png in Resources */ = {isa = PBXBuildFile; fileRef = C359BFC81FE030A10040355F /* Btn_programa_final_plomo@2x.png */; };
		C359BFE71FE030A10040355F /* Btn_programa_final_plomo@3x.png in Resources */ = {isa = PBXBuildFile; fileRef = C359BFC91FE030A10040355F /* Btn_programa_final_plomo@3x.png */; };
		C359BFF41FE033B00040355F /* menu.png in Resources */ = {isa = PBXBuildFile; fileRef = C359BFEE1FE033AF0040355F /* menu.png */; };
		C359BFF51FE033B00040355F /* menu@2x.png in Resources */ = {isa = PBXBuildFile; fileRef = C359BFEF1FE033AF0040355F /* menu@2x.png */; };
		C359BFF61FE033B00040355F /* menu@3x.png in Resources */ = {isa = PBXBuildFile; fileRef = C359BFF01FE033AF0040355F /* menu@3x.png */; };
		C359BFF71FE033B00040355F /* menu_azul.png in Resources */ = {isa = PBXBuildFile; fileRef = C359BFF11FE033AF0040355F /* menu_azul.png */; };
		C359BFF81FE033B00040355F /* menu_azul@2x.png in Resources */ = {isa = PBXBuildFile; fileRef = C359BFF21FE033AF0040355F /* menu_azul@2x.png */; };
		C359BFF91FE033B00040355F /* menu_azul@3x.png in Resources */ = {isa = PBXBuildFile; fileRef = C359BFF31FE033AF0040355F /* menu_azul@3x.png */; };
		C359C0071FE036FE0040355F /* Comite_academico@1x.png in Resources */ = {isa = PBXBuildFile; fileRef = C359BFFB1FE036FD0040355F /* Comite_academico@1x.png */; };
		C359C0081FE036FE0040355F /* Comite_academico@2x.png in Resources */ = {isa = PBXBuildFile; fileRef = C359BFFC1FE036FD0040355F /* Comite_academico@2x.png */; };
		C359C0091FE036FE0040355F /* Comite_academico@3x.png in Resources */ = {isa = PBXBuildFile; fileRef = C359BFFD1FE036FD0040355F /* Comite_academico@3x.png */; };
		C359C00A1FE036FE0040355F /* EncuestaIcono@1x.png in Resources */ = {isa = PBXBuildFile; fileRef = C359BFFE1FE036FD0040355F /* EncuestaIcono@1x.png */; };
		C359C00B1FE036FE0040355F /* EncuestaIcono@2x.png in Resources */ = {isa = PBXBuildFile; fileRef = C359BFFF1FE036FD0040355F /* EncuestaIcono@2x.png */; };
		C359C00C1FE036FE0040355F /* EncuestaIcono@3x.png in Resources */ = {isa = PBXBuildFile; fileRef = C359C0001FE036FD0040355F /* EncuestaIcono@3x.png */; };
		C359C00D1FE036FE0040355F /* LogoNews@1x.png in Resources */ = {isa = PBXBuildFile; fileRef = C359C0011FE036FD0040355F /* LogoNews@1x.png */; };
		C359C00E1FE036FE0040355F /* LogoNews@2x.png in Resources */ = {isa = PBXBuildFile; fileRef = C359C0021FE036FD0040355F /* LogoNews@2x.png */; };
		C359C00F1FE036FE0040355F /* LogoNews@3x.png in Resources */ = {isa = PBXBuildFile; fileRef = C359C0031FE036FD0040355F /* LogoNews@3x.png */; };
		C359C0101FE036FE0040355F /* Materiales_Icon@1x.png in Resources */ = {isa = PBXBuildFile; fileRef = C359C0041FE036FD0040355F /* Materiales_Icon@1x.png */; };
		C359C0111FE036FE0040355F /* Materiales_Icon@2x.png in Resources */ = {isa = PBXBuildFile; fileRef = C359C0051FE036FD0040355F /* Materiales_Icon@2x.png */; };
		C359C0121FE036FE0040355F /* Materiales_Icon@3x.png in Resources */ = {isa = PBXBuildFile; fileRef = C359C0061FE036FD0040355F /* Materiales_Icon@3x.png */; };
		C362F2BA1FCF194F00C9ED3C /* Btn_favoritos_SinMarcar@3x.png in Resources */ = {isa = PBXBuildFile; fileRef = C362F2B41FCF194E00C9ED3C /* Btn_favoritos_SinMarcar@3x.png */; };
		C362F2BB1FCF194F00C9ED3C /* btn_Favorito_marcado@3x.png in Resources */ = {isa = PBXBuildFile; fileRef = C362F2B51FCF194E00C9ED3C /* btn_Favorito_marcado@3x.png */; };
		C362F2BC1FCF194F00C9ED3C /* btn_Favorito_marcado@2x.png in Resources */ = {isa = PBXBuildFile; fileRef = C362F2B61FCF194E00C9ED3C /* btn_Favorito_marcado@2x.png */; };
		C362F2BD1FCF194F00C9ED3C /* Btn_favoritos_SinMarcar@1x.png in Resources */ = {isa = PBXBuildFile; fileRef = C362F2B71FCF194E00C9ED3C /* Btn_favoritos_SinMarcar@1x.png */; };
		C362F2BE1FCF194F00C9ED3C /* btn_Favorito_marcado@1x.png in Resources */ = {isa = PBXBuildFile; fileRef = C362F2B81FCF194E00C9ED3C /* btn_Favorito_marcado@1x.png */; };
		C362F2BF1FCF194F00C9ED3C /* Btn_favoritos_SinMarcar@2x.png in Resources */ = {isa = PBXBuildFile; fileRef = C362F2B91FCF194F00C9ED3C /* Btn_favoritos_SinMarcar@2x.png */; };
		C378EC371F05530900DE0318 /* SpeakersVC.swift in Sources */ = {isa = PBXBuildFile; fileRef = C378EC361F05530900DE0318 /* SpeakersVC.swift */; };
		C378EC391F05531B00DE0318 /* FavoritosVC.swift in Sources */ = {isa = PBXBuildFile; fileRef = C378EC381F05531B00DE0318 /* FavoritosVC.swift */; };
		C378EC3B1F05532A00DE0318 /* PatrocinadoresVC.swift in Sources */ = {isa = PBXBuildFile; fileRef = C378EC3A1F05532A00DE0318 /* PatrocinadoresVC.swift */; };
		C378EC3D1F05542200DE0318 /* SMSVC.swift in Sources */ = {isa = PBXBuildFile; fileRef = C378EC3C1F05542200DE0318 /* SMSVC.swift */; };
		C378EC3F1F05543000DE0318 /* DetalleProgramaVC.swift in Sources */ = {isa = PBXBuildFile; fileRef = C378EC3E1F05543000DE0318 /* DetalleProgramaVC.swift */; };
		C378EC501F055ADA00DE0318 /* img_break.png in Resources */ = {isa = PBXBuildFile; fileRef = C378EC471F055ADA00DE0318 /* img_break.png */; };
		C378EC581F05820300DE0318 /* DetallePersonaVC.swift in Sources */ = {isa = PBXBuildFile; fileRef = C378EC571F05820300DE0318 /* DetallePersonaVC.swift */; };
		C378EC5A1F05821900DE0318 /* DetallePatrocinadorVC.swift in Sources */ = {isa = PBXBuildFile; fileRef = C378EC591F05821900DE0318 /* DetallePatrocinadorVC.swift */; };
		C378EC5E1F0582B700DE0318 /* Ponente_ausente_Hombre.png in Resources */ = {isa = PBXBuildFile; fileRef = C378EC5D1F0582B700DE0318 /* Ponente_ausente_Hombre.png */; };
		C3A129A51FC3276700535B52 /* EncuestaGeneralVC.swift in Sources */ = {isa = PBXBuildFile; fileRef = C3A129A41FC3276700535B52 /* EncuestaGeneralVC.swift */; };
		C3A129A91FC3468A00535B52 /* EditIcon@2x.png in Resources */ = {isa = PBXBuildFile; fileRef = C3A129A61FC3468900535B52 /* EditIcon@2x.png */; };
		C3A129AA1FC3468A00535B52 /* EditIcon@3x.png in Resources */ = {isa = PBXBuildFile; fileRef = C3A129A71FC3468A00535B52 /* EditIcon@3x.png */; };
		C3A129AB1FC3468A00535B52 /* EditIcon@1x.png in Resources */ = {isa = PBXBuildFile; fileRef = C3A129A81FC3468A00535B52 /* EditIcon@1x.png */; };
		C3A20BAA1FBA1335009B2954 /* EstrellaTransparente@1x.png in Resources */ = {isa = PBXBuildFile; fileRef = C3A20BA41FBA1333009B2954 /* EstrellaTransparente@1x.png */; };
		C3A20BAB1FBA1335009B2954 /* EstrellaTransparente@2x.png in Resources */ = {isa = PBXBuildFile; fileRef = C3A20BA51FBA1334009B2954 /* EstrellaTransparente@2x.png */; };
		C3A20BAC1FBA1335009B2954 /* EstrellaTransparente@3x.png in Resources */ = {isa = PBXBuildFile; fileRef = C3A20BA61FBA1334009B2954 /* EstrellaTransparente@3x.png */; };
		C3A20BAD1FBA1335009B2954 /* Estrellarellena@2x.png in Resources */ = {isa = PBXBuildFile; fileRef = C3A20BA71FBA1334009B2954 /* Estrellarellena@2x.png */; };
		C3A20BAE1FBA1335009B2954 /* Estrellarellena@1x.png in Resources */ = {isa = PBXBuildFile; fileRef = C3A20BA81FBA1334009B2954 /* Estrellarellena@1x.png */; };
		C3A20BAF1FBA1335009B2954 /* Estrellarellena@3x.png in Resources */ = {isa = PBXBuildFile; fileRef = C3A20BA91FBA1334009B2954 /* Estrellarellena@3x.png */; };
		C3A58D3B1F054953003095FF /* TableViewCell.swift in Sources */ = {isa = PBXBuildFile; fileRef = C3A58D3A1F054953003095FF /* TableViewCell.swift */; };
		C3C12F951F2B9E7A00D01AD4 /* pinilla.png in Resources */ = {isa = PBXBuildFile; fileRef = C3C12F941F2B9E7A00D01AD4 /* pinilla.png */; };
		E689768FEAE107208BBC8ED9 /* Pods_SMS.framework in Frameworks */ = {isa = PBXBuildFile; fileRef = F76418B7CAE3F6027679F008 /* Pods_SMS.framework */; };
/* End PBXBuildFile section */

/* Begin PBXFileReference section */
		1C2C955866E28B340F8E0309 /* Pods-SMS.release.xcconfig */ = {isa = PBXFileReference; includeInIndex = 1; lastKnownFileType = text.xcconfig; name = "Pods-SMS.release.xcconfig"; path = "Pods/Target Support Files/Pods-SMS/Pods-SMS.release.xcconfig"; sourceTree = "<group>"; };
		73148D13B6370238CC4A32E1 /* Pods-SMS.debug.xcconfig */ = {isa = PBXFileReference; includeInIndex = 1; lastKnownFileType = text.xcconfig; name = "Pods-SMS.debug.xcconfig"; path = "Pods/Target Support Files/Pods-SMS/Pods-SMS.debug.xcconfig"; sourceTree = "<group>"; };
		C317A0461FB615C9009B0F0D /* FloatRatingView.swift */ = {isa = PBXFileReference; fileEncoding = 4; lastKnownFileType = sourcecode.swift; path = FloatRatingView.swift; sourceTree = "<group>"; };
		C31C25071F0BF922006492EF /* FormatoFechas.swift */ = {isa = PBXFileReference; fileEncoding = 4; lastKnownFileType = sourcecode.swift; path = FormatoFechas.swift; sourceTree = "<group>"; };
		C3220A5F1F8FA90600A08B15 /* CongresoTabBarVC.swift */ = {isa = PBXFileReference; fileEncoding = 4; lastKnownFileType = sourcecode.swift; path = CongresoTabBarVC.swift; sourceTree = "<group>"; };
		C3220A621F8FAD2A00A08B15 /* TabBarAppVC.swift */ = {isa = PBXFileReference; fileEncoding = 4; lastKnownFileType = sourcecode.swift; path = TabBarAppVC.swift; sourceTree = "<group>"; };
		C3220A661F8FC48F00A08B15 /* CongresosVC.swift */ = {isa = PBXFileReference; fileEncoding = 4; lastKnownFileType = sourcecode.swift; path = CongresosVC.swift; sourceTree = "<group>"; };
		C3220A681F8FC4A200A08B15 /* DirectivaVC.swift */ = {isa = PBXFileReference; fileEncoding = 4; lastKnownFileType = sourcecode.swift; path = DirectivaVC.swift; sourceTree = "<group>"; };
		C3220A6A1F8FC4AF00A08B15 /* SociedadVC.swift */ = {isa = PBXFileReference; fileEncoding = 4; lastKnownFileType = sourcecode.swift; path = SociedadVC.swift; sourceTree = "<group>"; };
		C3220A741F9296C700A08B15 /* DirectorioVC.swift */ = {isa = PBXFileReference; fileEncoding = 4; lastKnownFileType = sourcecode.swift; path = DirectorioVC.swift; sourceTree = "<group>"; };
		C3220A761F92970700A08B15 /* NovedadesVC.swift */ = {isa = PBXFileReference; fileEncoding = 4; lastKnownFileType = sourcecode.swift; path = NovedadesVC.swift; sourceTree = "<group>"; };
		C3220A791F92D85400A08B15 /* CongresoNavViewController.swift */ = {isa = PBXFileReference; fileEncoding = 4; lastKnownFileType = sourcecode.swift; path = CongresoNavViewController.swift; sourceTree = "<group>"; };
		C3220A7B1F92F5A500A08B15 /* MaterialesVC.swift */ = {isa = PBXFileReference; fileEncoding = 4; lastKnownFileType = sourcecode.swift; path = MaterialesVC.swift; sourceTree = "<group>"; };
		C32FF1601F9520FA00E41BA2 /* UserNotifications.framework */ = {isa = PBXFileReference; lastKnownFileType = wrapper.framework; name = UserNotifications.framework; path = System/Library/Frameworks/UserNotifications.framework; sourceTree = SDKROOT; };
		C32FF1621F9524E900E41BA2 /* SMS.entitlements */ = {isa = PBXFileReference; lastKnownFileType = text.plist.entitlements; path = SMS.entitlements; sourceTree = "<group>"; };
		C330F7321FB513D8005BAF8C /* EncuestaVC.swift */ = {isa = PBXFileReference; lastKnownFileType = sourcecode.swift; path = EncuestaVC.swift; sourceTree = "<group>"; };
		C332B2601FD74AA500D4A94D /* Back_Arrow.png */ = {isa = PBXFileReference; lastKnownFileType = image.png; path = Back_Arrow.png; sourceTree = "<group>"; };
		C332B2611FD74AA500D4A94D /* Back_Arrow@2x.png */ = {isa = PBXFileReference; lastKnownFileType = image.png; path = "Back_Arrow@2x.png"; sourceTree = "<group>"; };
		C332B2621FD74AA500D4A94D /* Back_Arrow@3x.png */ = {isa = PBXFileReference; lastKnownFileType = image.png; path = "Back_Arrow@3x.png"; sourceTree = "<group>"; };
		C332B2631FD74AA500D4A94D /* next Arrow.png */ = {isa = PBXFileReference; lastKnownFileType = image.png; path = "next Arrow.png"; sourceTree = "<group>"; };
		C332B2641FD74AA500D4A94D /* next Arrow@2x.png */ = {isa = PBXFileReference; lastKnownFileType = image.png; path = "next Arrow@2x.png"; sourceTree = "<group>"; };
		C332B2651FD74AA500D4A94D /* next Arrow@3x.png */ = {isa = PBXFileReference; lastKnownFileType = image.png; path = "next Arrow@3x.png"; sourceTree = "<group>"; };
		C332C2541FA91B04003F8DDE /* RefreshData.swift */ = {isa = PBXFileReference; lastKnownFileType = sourcecode.swift; path = RefreshData.swift; sourceTree = "<group>"; };
		C33455AA1FDF2E16006E548A /* ImgDoc@1x.png */ = {isa = PBXFileReference; lastKnownFileType = image.png; path = "ImgDoc@1x.png"; sourceTree = "<group>"; };
		C33455AB1FDF2E16006E548A /* ImgDoc@2x.png */ = {isa = PBXFileReference; lastKnownFileType = image.png; path = "ImgDoc@2x.png"; sourceTree = "<group>"; };
		C33455AC1FDF2E17006E548A /* ImgDoc@3x.png */ = {isa = PBXFileReference; lastKnownFileType = image.png; path = "ImgDoc@3x.png"; sourceTree = "<group>"; };
		C33455B01FDF48E5006E548A /* MoreVC.swift */ = {isa = PBXFileReference; lastKnownFileType = sourcecode.swift; path = MoreVC.swift; sourceTree = "<group>"; };
		C334EDE21F0D3E3700A084D4 /* MapVC.swift */ = {isa = PBXFileReference; fileEncoding = 4; lastKnownFileType = sourcecode.swift; path = MapVC.swift; sourceTree = "<group>"; };
		C337AAD81F94E2D200164780 /* DetalleMaterialesVC.swift */ = {isa = PBXFileReference; fileEncoding = 4; lastKnownFileType = sourcecode.swift; path = DetalleMaterialesVC.swift; sourceTree = "<group>"; };
		C33B00E81FD98FF2002F3467 /* almuerzo@2x.png */ = {isa = PBXFileReference; lastKnownFileType = image.png; path = "almuerzo@2x.png"; sourceTree = "<group>"; };
		C33B00E91FD98FF2002F3467 /* almuerzo@3x.png */ = {isa = PBXFileReference; lastKnownFileType = image.png; path = "almuerzo@3x.png"; sourceTree = "<group>"; };
		C33B00EA1FD98FF2002F3467 /* almuerzo@1x.png */ = {isa = PBXFileReference; lastKnownFileType = image.png; path = "almuerzo@1x.png"; sourceTree = "<group>"; };
		C33B35081FEB069D00F90B86 /* icono_ociedad_plomo@3x.png */ = {isa = PBXFileReference; lastKnownFileType = image.png; path = "icono_ociedad_plomo@3x.png"; sourceTree = "<group>"; };
		C33B35091FEB069E00F90B86 /* icono_ociedad_azul.png */ = {isa = PBXFileReference; lastKnownFileType = image.png; path = icono_ociedad_azul.png; sourceTree = "<group>"; };
		C33B350A1FEB069F00F90B86 /* icono_ociedad_azul@2x.png */ = {isa = PBXFileReference; lastKnownFileType = image.png; path = "icono_ociedad_azul@2x.png"; sourceTree = "<group>"; };
		C33B350B1FEB069F00F90B86 /* icono_ociedad_azul@3x.png */ = {isa = PBXFileReference; lastKnownFileType = image.png; path = "icono_ociedad_azul@3x.png"; sourceTree = "<group>"; };
		C33B350C1FEB069F00F90B86 /* icono_ociedad_plomo.png */ = {isa = PBXFileReference; lastKnownFileType = image.png; path = icono_ociedad_plomo.png; sourceTree = "<group>"; };
		C33B350D1FEB069F00F90B86 /* icono_ociedad_plomo@2x.png */ = {isa = PBXFileReference; lastKnownFileType = image.png; path = "icono_ociedad_plomo@2x.png"; sourceTree = "<group>"; };
		C33E29481FA2342500C11D4A /* SplashVC.swift */ = {isa = PBXFileReference; lastKnownFileType = sourcecode.swift; path = SplashVC.swift; sourceTree = "<group>"; };
		C33E294A1FA251EC00C11D4A /* splashSMS2017@3x.png */ = {isa = PBXFileReference; lastKnownFileType = image.png; path = "splashSMS2017@3x.png"; sourceTree = "<group>"; };
		C340B2D4203DA60D004EEAEF /* CTableViewCell.swift */ = {isa = PBXFileReference; lastKnownFileType = sourcecode.swift; name = CTableViewCell.swift; path = ../../muro/muro/CTableViewCell.swift; sourceTree = "<group>"; };
		C340B2D6203DA62F004EEAEF /* CollectionViewCell.swift */ = {isa = PBXFileReference; fileEncoding = 4; lastKnownFileType = sourcecode.swift; name = CollectionViewCell.swift; path = ../../muro/muro/CollectionViewCell.swift; sourceTree = "<group>"; };
		C340B2D8203DA633004EEAEF /* CollectionViewCell.swift */ = {isa = PBXFileReference; lastKnownFileType = sourcecode.swift; name = CollectionViewCell.swift; path = ../../muro/muro/CollectionViewCell.swift; sourceTree = "<group>"; };
		C347B9E81FAD15FC00CB0CB0 /* PreguntasVC.swift */ = {isa = PBXFileReference; lastKnownFileType = sourcecode.swift; path = PreguntasVC.swift; sourceTree = "<group>"; };
		C34BA87A1F04173500022E6B /* SMS Chile.app */ = {isa = PBXFileReference; explicitFileType = wrapper.application; includeInIndex = 0; path = "SMS Chile.app"; sourceTree = BUILT_PRODUCTS_DIR; };
		C34BA87D1F04173500022E6B /* AppDelegate.swift */ = {isa = PBXFileReference; lastKnownFileType = sourcecode.swift; path = AppDelegate.swift; sourceTree = "<group>"; };
		C34BA87F1F04173500022E6B /* ProgramaVC.swift */ = {isa = PBXFileReference; lastKnownFileType = sourcecode.swift; path = ProgramaVC.swift; sourceTree = "<group>"; };
		C34BA8821F04173500022E6B /* Base */ = {isa = PBXFileReference; lastKnownFileType = file.storyboard; name = Base; path = Base.lproj/Main.storyboard; sourceTree = "<group>"; };
		C34BA8871F04173500022E6B /* Assets.xcassets */ = {isa = PBXFileReference; lastKnownFileType = folder.assetcatalog; path = Assets.xcassets; sourceTree = "<group>"; };
		C34BA88A1F04173500022E6B /* Base */ = {isa = PBXFileReference; lastKnownFileType = file.storyboard; name = Base; path = Base.lproj/LaunchScreen.storyboard; sourceTree = "<group>"; };
		C34BA88C1F04173500022E6B /* Info.plist */ = {isa = PBXFileReference; lastKnownFileType = text.plist.xml; path = Info.plist; sourceTree = "<group>"; };
		C359BFA91FE030A10040355F /* btn_Favoritos@1x.png */ = {isa = PBXFileReference; lastKnownFileType = image.png; path = "btn_Favoritos@1x.png"; sourceTree = "<group>"; };
		C359BFAA1FE030A10040355F /* btn_Favoritos@2x.png */ = {isa = PBXFileReference; lastKnownFileType = image.png; path = "btn_Favoritos@2x.png"; sourceTree = "<group>"; };
		C359BFAB1FE030A10040355F /* btn_Favoritos@3x.png */ = {isa = PBXFileReference; lastKnownFileType = image.png; path = "btn_Favoritos@3x.png"; sourceTree = "<group>"; };
		C359BFAC1FE030A10040355F /* Btn_Favoritos_azul@1x.png */ = {isa = PBXFileReference; lastKnownFileType = image.png; path = "Btn_Favoritos_azul@1x.png"; sourceTree = "<group>"; };
		C359BFAD1FE030A10040355F /* Btn_Favoritos_azul@2x.png */ = {isa = PBXFileReference; lastKnownFileType = image.png; path = "Btn_Favoritos_azul@2x.png"; sourceTree = "<group>"; };
		C359BFAE1FE030A10040355F /* Btn_Favoritos_azul@3x.png */ = {isa = PBXFileReference; lastKnownFileType = image.png; path = "Btn_Favoritos_azul@3x.png"; sourceTree = "<group>"; };
		C359BFAF1FE030A10040355F /* btn_Favoritos_calor.png */ = {isa = PBXFileReference; lastKnownFileType = image.png; path = btn_Favoritos_calor.png; sourceTree = "<group>"; };
		C359BFB01FE030A10040355F /* btn_Favoritos_calor@2x.png */ = {isa = PBXFileReference; lastKnownFileType = image.png; path = "btn_Favoritos_calor@2x.png"; sourceTree = "<group>"; };
		C359BFB11FE030A10040355F /* btn_Favoritos_calor@3x.png */ = {isa = PBXFileReference; lastKnownFileType = image.png; path = "btn_Favoritos_calor@3x.png"; sourceTree = "<group>"; };
		C359BFB21FE030A10040355F /* Btn_Favoritos_plomo@1x.png */ = {isa = PBXFileReference; lastKnownFileType = image.png; path = "Btn_Favoritos_plomo@1x.png"; sourceTree = "<group>"; };
		C359BFB31FE030A10040355F /* Btn_Favoritos_plomo@2x.png */ = {isa = PBXFileReference; lastKnownFileType = image.png; path = "Btn_Favoritos_plomo@2x.png"; sourceTree = "<group>"; };
		C359BFB41FE030A10040355F /* Btn_Favoritos_plomo@3x.png */ = {isa = PBXFileReference; lastKnownFileType = image.png; path = "Btn_Favoritos_plomo@3x.png"; sourceTree = "<group>"; };
		C359BFB61FE030A10040355F /* Patrocinador_azul@1x.png */ = {isa = PBXFileReference; lastKnownFileType = image.png; path = "Patrocinador_azul@1x.png"; sourceTree = "<group>"; };
		C359BFB71FE030A10040355F /* Patrocinador_azul@2x.png */ = {isa = PBXFileReference; lastKnownFileType = image.png; path = "Patrocinador_azul@2x.png"; sourceTree = "<group>"; };
		C359BFB81FE030A10040355F /* Patrocinador_azul@3x.png */ = {isa = PBXFileReference; lastKnownFileType = image.png; path = "Patrocinador_azul@3x.png"; sourceTree = "<group>"; };
		C359BFB91FE030A10040355F /* Patrocinador_Plomo@1x.png */ = {isa = PBXFileReference; lastKnownFileType = image.png; path = "Patrocinador_Plomo@1x.png"; sourceTree = "<group>"; };
		C359BFBA1FE030A10040355F /* Patrocinador_Plomo@2x.png */ = {isa = PBXFileReference; lastKnownFileType = image.png; path = "Patrocinador_Plomo@2x.png"; sourceTree = "<group>"; };
		C359BFBB1FE030A10040355F /* Patrocinador_Plomo@3x.png */ = {isa = PBXFileReference; lastKnownFileType = image.png; path = "Patrocinador_Plomo@3x.png"; sourceTree = "<group>"; };
		C359BFBD1FE030A10040355F /* Btn_ponentes_azul@1x.png */ = {isa = PBXFileReference; lastKnownFileType = image.png; path = "Btn_ponentes_azul@1x.png"; sourceTree = "<group>"; };
		C359BFBE1FE030A10040355F /* Btn_ponentes_azul@2x.png */ = {isa = PBXFileReference; lastKnownFileType = image.png; path = "Btn_ponentes_azul@2x.png"; sourceTree = "<group>"; };
		C359BFBF1FE030A10040355F /* Btn_ponentes_azul@3x.png */ = {isa = PBXFileReference; lastKnownFileType = image.png; path = "Btn_ponentes_azul@3x.png"; sourceTree = "<group>"; };
		C359BFC01FE030A10040355F /* Btn_ponentes_plomo@1x.png */ = {isa = PBXFileReference; lastKnownFileType = image.png; path = "Btn_ponentes_plomo@1x.png"; sourceTree = "<group>"; };
		C359BFC11FE030A10040355F /* Btn_ponentes_plomo@2x.png */ = {isa = PBXFileReference; lastKnownFileType = image.png; path = "Btn_ponentes_plomo@2x.png"; sourceTree = "<group>"; };
		C359BFC21FE030A10040355F /* Btn_ponentes_plomo@3x.png */ = {isa = PBXFileReference; lastKnownFileType = image.png; path = "Btn_ponentes_plomo@3x.png"; sourceTree = "<group>"; };
		C359BFC41FE030A10040355F /* Btn_programa_final@1x.png */ = {isa = PBXFileReference; lastKnownFileType = image.png; path = "Btn_programa_final@1x.png"; sourceTree = "<group>"; };
		C359BFC51FE030A10040355F /* Btn_programa_final@2x.png */ = {isa = PBXFileReference; lastKnownFileType = image.png; path = "Btn_programa_final@2x.png"; sourceTree = "<group>"; };
		C359BFC61FE030A10040355F /* Btn_programa_final@3x.png */ = {isa = PBXFileReference; lastKnownFileType = image.png; path = "Btn_programa_final@3x.png"; sourceTree = "<group>"; };
		C359BFC71FE030A10040355F /* Btn_programa_final_plomo@1x.png */ = {isa = PBXFileReference; lastKnownFileType = image.png; path = "Btn_programa_final_plomo@1x.png"; sourceTree = "<group>"; };
		C359BFC81FE030A10040355F /* Btn_programa_final_plomo@2x.png */ = {isa = PBXFileReference; lastKnownFileType = image.png; path = "Btn_programa_final_plomo@2x.png"; sourceTree = "<group>"; };
		C359BFC91FE030A10040355F /* Btn_programa_final_plomo@3x.png */ = {isa = PBXFileReference; lastKnownFileType = image.png; path = "Btn_programa_final_plomo@3x.png"; sourceTree = "<group>"; };
		C359BFEE1FE033AF0040355F /* menu.png */ = {isa = PBXFileReference; lastKnownFileType = image.png; path = menu.png; sourceTree = "<group>"; };
		C359BFEF1FE033AF0040355F /* menu@2x.png */ = {isa = PBXFileReference; lastKnownFileType = image.png; path = "menu@2x.png"; sourceTree = "<group>"; };
		C359BFF01FE033AF0040355F /* menu@3x.png */ = {isa = PBXFileReference; lastKnownFileType = image.png; path = "menu@3x.png"; sourceTree = "<group>"; };
		C359BFF11FE033AF0040355F /* menu_azul.png */ = {isa = PBXFileReference; lastKnownFileType = image.png; path = menu_azul.png; sourceTree = "<group>"; };
		C359BFF21FE033AF0040355F /* menu_azul@2x.png */ = {isa = PBXFileReference; lastKnownFileType = image.png; path = "menu_azul@2x.png"; sourceTree = "<group>"; };
		C359BFF31FE033AF0040355F /* menu_azul@3x.png */ = {isa = PBXFileReference; lastKnownFileType = image.png; path = "menu_azul@3x.png"; sourceTree = "<group>"; };
		C359BFFB1FE036FD0040355F /* Comite_academico@1x.png */ = {isa = PBXFileReference; lastKnownFileType = image.png; path = "Comite_academico@1x.png"; sourceTree = "<group>"; };
		C359BFFC1FE036FD0040355F /* Comite_academico@2x.png */ = {isa = PBXFileReference; lastKnownFileType = image.png; path = "Comite_academico@2x.png"; sourceTree = "<group>"; };
		C359BFFD1FE036FD0040355F /* Comite_academico@3x.png */ = {isa = PBXFileReference; lastKnownFileType = image.png; path = "Comite_academico@3x.png"; sourceTree = "<group>"; };
		C359BFFE1FE036FD0040355F /* EncuestaIcono@1x.png */ = {isa = PBXFileReference; lastKnownFileType = image.png; path = "EncuestaIcono@1x.png"; sourceTree = "<group>"; };
		C359BFFF1FE036FD0040355F /* EncuestaIcono@2x.png */ = {isa = PBXFileReference; lastKnownFileType = image.png; path = "EncuestaIcono@2x.png"; sourceTree = "<group>"; };
		C359C0001FE036FD0040355F /* EncuestaIcono@3x.png */ = {isa = PBXFileReference; lastKnownFileType = image.png; path = "EncuestaIcono@3x.png"; sourceTree = "<group>"; };
		C359C0011FE036FD0040355F /* LogoNews@1x.png */ = {isa = PBXFileReference; lastKnownFileType = image.png; path = "LogoNews@1x.png"; sourceTree = "<group>"; };
		C359C0021FE036FD0040355F /* LogoNews@2x.png */ = {isa = PBXFileReference; lastKnownFileType = image.png; path = "LogoNews@2x.png"; sourceTree = "<group>"; };
		C359C0031FE036FD0040355F /* LogoNews@3x.png */ = {isa = PBXFileReference; lastKnownFileType = image.png; path = "LogoNews@3x.png"; sourceTree = "<group>"; };
		C359C0041FE036FD0040355F /* Materiales_Icon@1x.png */ = {isa = PBXFileReference; lastKnownFileType = image.png; path = "Materiales_Icon@1x.png"; sourceTree = "<group>"; };
		C359C0051FE036FD0040355F /* Materiales_Icon@2x.png */ = {isa = PBXFileReference; lastKnownFileType = image.png; path = "Materiales_Icon@2x.png"; sourceTree = "<group>"; };
		C359C0061FE036FD0040355F /* Materiales_Icon@3x.png */ = {isa = PBXFileReference; lastKnownFileType = image.png; path = "Materiales_Icon@3x.png"; sourceTree = "<group>"; };
		C362F2B41FCF194E00C9ED3C /* Btn_favoritos_SinMarcar@3x.png */ = {isa = PBXFileReference; lastKnownFileType = image.png; path = "Btn_favoritos_SinMarcar@3x.png"; sourceTree = "<group>"; };
		C362F2B51FCF194E00C9ED3C /* btn_Favorito_marcado@3x.png */ = {isa = PBXFileReference; lastKnownFileType = image.png; path = "btn_Favorito_marcado@3x.png"; sourceTree = "<group>"; };
		C362F2B61FCF194E00C9ED3C /* btn_Favorito_marcado@2x.png */ = {isa = PBXFileReference; lastKnownFileType = image.png; path = "btn_Favorito_marcado@2x.png"; sourceTree = "<group>"; };
		C362F2B71FCF194E00C9ED3C /* Btn_favoritos_SinMarcar@1x.png */ = {isa = PBXFileReference; lastKnownFileType = image.png; path = "Btn_favoritos_SinMarcar@1x.png"; sourceTree = "<group>"; };
		C362F2B81FCF194E00C9ED3C /* btn_Favorito_marcado@1x.png */ = {isa = PBXFileReference; lastKnownFileType = image.png; path = "btn_Favorito_marcado@1x.png"; sourceTree = "<group>"; };
		C362F2B91FCF194F00C9ED3C /* Btn_favoritos_SinMarcar@2x.png */ = {isa = PBXFileReference; lastKnownFileType = image.png; path = "Btn_favoritos_SinMarcar@2x.png"; sourceTree = "<group>"; };
		C378EC361F05530900DE0318 /* SpeakersVC.swift */ = {isa = PBXFileReference; fileEncoding = 4; lastKnownFileType = sourcecode.swift; path = SpeakersVC.swift; sourceTree = "<group>"; };
		C378EC381F05531B00DE0318 /* FavoritosVC.swift */ = {isa = PBXFileReference; fileEncoding = 4; lastKnownFileType = sourcecode.swift; path = FavoritosVC.swift; sourceTree = "<group>"; };
		C378EC3A1F05532A00DE0318 /* PatrocinadoresVC.swift */ = {isa = PBXFileReference; fileEncoding = 4; lastKnownFileType = sourcecode.swift; path = PatrocinadoresVC.swift; sourceTree = "<group>"; };
		C378EC3C1F05542200DE0318 /* SMSVC.swift */ = {isa = PBXFileReference; fileEncoding = 4; lastKnownFileType = sourcecode.swift; path = SMSVC.swift; sourceTree = "<group>"; };
		C378EC3E1F05543000DE0318 /* DetalleProgramaVC.swift */ = {isa = PBXFileReference; fileEncoding = 4; lastKnownFileType = sourcecode.swift; path = DetalleProgramaVC.swift; sourceTree = "<group>"; };
		C378EC471F055ADA00DE0318 /* img_break.png */ = {isa = PBXFileReference; lastKnownFileType = image.png; path = img_break.png; sourceTree = "<group>"; };
		C378EC571F05820300DE0318 /* DetallePersonaVC.swift */ = {isa = PBXFileReference; fileEncoding = 4; lastKnownFileType = sourcecode.swift; path = DetallePersonaVC.swift; sourceTree = "<group>"; };
		C378EC591F05821900DE0318 /* DetallePatrocinadorVC.swift */ = {isa = PBXFileReference; fileEncoding = 4; lastKnownFileType = sourcecode.swift; path = DetallePatrocinadorVC.swift; sourceTree = "<group>"; };
		C378EC5D1F0582B700DE0318 /* Ponente_ausente_Hombre.png */ = {isa = PBXFileReference; lastKnownFileType = image.png; path = Ponente_ausente_Hombre.png; sourceTree = "<group>"; };
		C3A129A41FC3276700535B52 /* EncuestaGeneralVC.swift */ = {isa = PBXFileReference; lastKnownFileType = sourcecode.swift; path = EncuestaGeneralVC.swift; sourceTree = "<group>"; };
		C3A129A61FC3468900535B52 /* EditIcon@2x.png */ = {isa = PBXFileReference; lastKnownFileType = image.png; path = "EditIcon@2x.png"; sourceTree = "<group>"; };
		C3A129A71FC3468A00535B52 /* EditIcon@3x.png */ = {isa = PBXFileReference; lastKnownFileType = image.png; path = "EditIcon@3x.png"; sourceTree = "<group>"; };
		C3A129A81FC3468A00535B52 /* EditIcon@1x.png */ = {isa = PBXFileReference; lastKnownFileType = image.png; path = "EditIcon@1x.png"; sourceTree = "<group>"; };
		C3A20BA41FBA1333009B2954 /* EstrellaTransparente@1x.png */ = {isa = PBXFileReference; lastKnownFileType = image.png; path = "EstrellaTransparente@1x.png"; sourceTree = "<group>"; };
		C3A20BA51FBA1334009B2954 /* EstrellaTransparente@2x.png */ = {isa = PBXFileReference; lastKnownFileType = image.png; path = "EstrellaTransparente@2x.png"; sourceTree = "<group>"; };
		C3A20BA61FBA1334009B2954 /* EstrellaTransparente@3x.png */ = {isa = PBXFileReference; lastKnownFileType = image.png; path = "EstrellaTransparente@3x.png"; sourceTree = "<group>"; };
		C3A20BA71FBA1334009B2954 /* Estrellarellena@2x.png */ = {isa = PBXFileReference; lastKnownFileType = image.png; path = "Estrellarellena@2x.png"; sourceTree = "<group>"; };
		C3A20BA81FBA1334009B2954 /* Estrellarellena@1x.png */ = {isa = PBXFileReference; lastKnownFileType = image.png; path = "Estrellarellena@1x.png"; sourceTree = "<group>"; };
		C3A20BA91FBA1334009B2954 /* Estrellarellena@3x.png */ = {isa = PBXFileReference; lastKnownFileType = image.png; path = "Estrellarellena@3x.png"; sourceTree = "<group>"; };
		C3A58D3A1F054953003095FF /* TableViewCell.swift */ = {isa = PBXFileReference; fileEncoding = 4; lastKnownFileType = sourcecode.swift; path = TableViewCell.swift; sourceTree = "<group>"; };
		C3C12F941F2B9E7A00D01AD4 /* pinilla.png */ = {isa = PBXFileReference; lastKnownFileType = image.png; path = pinilla.png; sourceTree = "<group>"; };
		F76418B7CAE3F6027679F008 /* Pods_SMS.framework */ = {isa = PBXFileReference; explicitFileType = wrapper.framework; includeInIndex = 0; path = Pods_SMS.framework; sourceTree = BUILT_PRODUCTS_DIR; };
/* End PBXFileReference section */

/* Begin PBXFrameworksBuildPhase section */
		C34BA8771F04173500022E6B /* Frameworks */ = {
			isa = PBXFrameworksBuildPhase;
			buildActionMask = 2147483647;
			files = (
				C32FF1611F9520FA00E41BA2 /* UserNotifications.framework in Frameworks */,
				E689768FEAE107208BBC8ED9 /* Pods_SMS.framework in Frameworks */,
			);
			runOnlyForDeploymentPostprocessing = 0;
		};
/* End PBXFrameworksBuildPhase section */

/* Begin PBXGroup section */
		53F9788938B54563D1DC5A23 /* Frameworks */ = {
			isa = PBXGroup;
			children = (
				C32FF1601F9520FA00E41BA2 /* UserNotifications.framework */,
				F76418B7CAE3F6027679F008 /* Pods_SMS.framework */,
			);
			name = Frameworks;
			sourceTree = "<group>";
		};
		C3220A611F8FA93200A08B15 /* TabBars */ = {
			isa = PBXGroup;
			children = (
				C3220A5F1F8FA90600A08B15 /* CongresoTabBarVC.swift */,
				C3220A621F8FAD2A00A08B15 /* TabBarAppVC.swift */,
			);
			name = TabBars;
			sourceTree = "<group>";
		};
		C3220A641F8FC33D00A08B15 /* Sociedad */ = {
			isa = PBXGroup;
			children = (
				C33E29481FA2342500C11D4A /* SplashVC.swift */,
				C3220A661F8FC48F00A08B15 /* CongresosVC.swift */,
				C3220A681F8FC4A200A08B15 /* DirectivaVC.swift */,
				C3220A6A1F8FC4AF00A08B15 /* SociedadVC.swift */,
			);
			name = Sociedad;
			sourceTree = "<group>";
		};
		C3220A651F8FC34900A08B15 /* Congreso */ = {
			isa = PBXGroup;
			children = (
				C34BA87F1F04173500022E6B /* ProgramaVC.swift */,
				C378EC361F05530900DE0318 /* SpeakersVC.swift */,
				C378EC381F05531B00DE0318 /* FavoritosVC.swift */,
				C378EC3A1F05532A00DE0318 /* PatrocinadoresVC.swift */,
				C378EC3C1F05542200DE0318 /* SMSVC.swift */,
				C334EDE21F0D3E3700A084D4 /* MapVC.swift */,
				C3220A741F9296C700A08B15 /* DirectorioVC.swift */,
				C3220A7B1F92F5A500A08B15 /* MaterialesVC.swift */,
				C3220A761F92970700A08B15 /* NovedadesVC.swift */,
				C347B9E81FAD15FC00CB0CB0 /* PreguntasVC.swift */,
				C330F7321FB513D8005BAF8C /* EncuestaVC.swift */,
				C3A129A41FC3276700535B52 /* EncuestaGeneralVC.swift */,
				C33455B01FDF48E5006E548A /* MoreVC.swift */,
			);
			name = Congreso;
			sourceTree = "<group>";
		};
		C3220A781F92D7E200A08B15 /* Navs */ = {
			isa = PBXGroup;
			children = (
				C3220A791F92D85400A08B15 /* CongresoNavViewController.swift */,
			);
			name = Navs;
			sourceTree = "<group>";
		};
		C332B25F1FD74AA500D4A94D /* Botones navegacion */ = {
			isa = PBXGroup;
			children = (
				C332B2601FD74AA500D4A94D /* Back_Arrow.png */,
				C332B2611FD74AA500D4A94D /* Back_Arrow@2x.png */,
				C332B2621FD74AA500D4A94D /* Back_Arrow@3x.png */,
				C332B2631FD74AA500D4A94D /* next Arrow.png */,
				C332B2641FD74AA500D4A94D /* next Arrow@2x.png */,
				C332B2651FD74AA500D4A94D /* next Arrow@3x.png */,
			);
			path = "Botones navegacion";
			sourceTree = "<group>";
		};
		C33B35141FEB06A800F90B86 /* sociedadIcono */ = {
			isa = PBXGroup;
			children = (
				C33B35091FEB069E00F90B86 /* icono_ociedad_azul.png */,
				C33B350A1FEB069F00F90B86 /* icono_ociedad_azul@2x.png */,
				C33B350B1FEB069F00F90B86 /* icono_ociedad_azul@3x.png */,
				C33B350C1FEB069F00F90B86 /* icono_ociedad_plomo.png */,
				C33B350D1FEB069F00F90B86 /* icono_ociedad_plomo@2x.png */,
				C33B35081FEB069D00F90B86 /* icono_ociedad_plomo@3x.png */,
			);
			path = sociedadIcono;
			sourceTree = "<group>";
		};
		C34BA8711F04173500022E6B = {
			isa = PBXGroup;
			children = (
				C34BA87C1F04173500022E6B /* SMS */,
				C34BA87B1F04173500022E6B /* Products */,
				E1CBA84F3738331F549B0449 /* Pods */,
				53F9788938B54563D1DC5A23 /* Frameworks */,
			);
			sourceTree = "<group>";
		};
		C34BA87B1F04173500022E6B /* Products */ = {
			isa = PBXGroup;
			children = (
				C34BA87A1F04173500022E6B /* SMS Chile.app */,
			);
			name = Products;
			sourceTree = "<group>";
		};
		C34BA87C1F04173500022E6B /* SMS */ = {
			isa = PBXGroup;
			children = (
				C32FF1621F9524E900E41BA2 /* SMS.entitlements */,
				C34BA87D1F04173500022E6B /* AppDelegate.swift */,
				C332C2541FA91B04003F8DDE /* RefreshData.swift */,
				C317A0461FB615C9009B0F0D /* FloatRatingView.swift */,
				C378EC5C1F05823000DE0318 /* Controllers */,
				C3A58D3A1F054953003095FF /* TableViewCell.swift */,
				C340B2D4203DA60D004EEAEF /* CTableViewCell.swift */,
				C340B2D8203DA633004EEAEF /* CollectionViewCell.swift */,
				C31C25071F0BF922006492EF /* FormatoFechas.swift */,
				C378EC5B1F05822400DE0318 /* Detalles */,
				C3220A611F8FA93200A08B15 /* TabBars */,
				C3220A781F92D7E200A08B15 /* Navs */,
				C34BA8811F04173500022E6B /* Main.storyboard */,
				C34BA8871F04173500022E6B /* Assets.xcassets */,
				C378EC401F055ADA00DE0318 /* PartesAPP */,
				C34BA8891F04173500022E6B /* LaunchScreen.storyboard */,
				C34BA88C1F04173500022E6B /* Info.plist */,
			);
			path = SMS;
			sourceTree = "<group>";
		};
		C359BFA71FE030A10040355F /* btns_tab_bar */ = {
			isa = PBXGroup;
			children = (
				C359BFED1FE033AF0040355F /* btn_otros */,
				C359BFE81FE031090040355F /* btn_encuesta */,
				C359BFA81FE030A10040355F /* btn_Favoritos */,
				C359BFB51FE030A10040355F /* Btn_Patrocinador */,
				C359BFBC1FE030A10040355F /* Btn_Ponentes */,
				C359BFFA1FE036FD0040355F /* btn_menuLatera */,
				C359BFC31FE030A10040355F /* btn_Programa */,
			);
			path = btns_tab_bar;
			sourceTree = "<group>";
		};
		C359BFA81FE030A10040355F /* btn_Favoritos */ = {
			isa = PBXGroup;
			children = (
				C359BFA91FE030A10040355F /* btn_Favoritos@1x.png */,
				C359BFAA1FE030A10040355F /* btn_Favoritos@2x.png */,
				C359BFAB1FE030A10040355F /* btn_Favoritos@3x.png */,
				C359BFAC1FE030A10040355F /* Btn_Favoritos_azul@1x.png */,
				C359BFAD1FE030A10040355F /* Btn_Favoritos_azul@2x.png */,
				C359BFAE1FE030A10040355F /* Btn_Favoritos_azul@3x.png */,
				C359BFAF1FE030A10040355F /* btn_Favoritos_calor.png */,
				C359BFB01FE030A10040355F /* btn_Favoritos_calor@2x.png */,
				C359BFB11FE030A10040355F /* btn_Favoritos_calor@3x.png */,
				C359BFB21FE030A10040355F /* Btn_Favoritos_plomo@1x.png */,
				C359BFB31FE030A10040355F /* Btn_Favoritos_plomo@2x.png */,
				C359BFB41FE030A10040355F /* Btn_Favoritos_plomo@3x.png */,
			);
			path = btn_Favoritos;
			sourceTree = "<group>";
		};
		C359BFB51FE030A10040355F /* Btn_Patrocinador */ = {
			isa = PBXGroup;
			children = (
				C359BFB61FE030A10040355F /* Patrocinador_azul@1x.png */,
				C359BFB71FE030A10040355F /* Patrocinador_azul@2x.png */,
				C359BFB81FE030A10040355F /* Patrocinador_azul@3x.png */,
				C359BFB91FE030A10040355F /* Patrocinador_Plomo@1x.png */,
				C359BFBA1FE030A10040355F /* Patrocinador_Plomo@2x.png */,
				C359BFBB1FE030A10040355F /* Patrocinador_Plomo@3x.png */,
			);
			path = Btn_Patrocinador;
			sourceTree = "<group>";
		};
		C359BFBC1FE030A10040355F /* Btn_Ponentes */ = {
			isa = PBXGroup;
			children = (
				C359BFBD1FE030A10040355F /* Btn_ponentes_azul@1x.png */,
				C359BFBE1FE030A10040355F /* Btn_ponentes_azul@2x.png */,
				C359BFBF1FE030A10040355F /* Btn_ponentes_azul@3x.png */,
				C359BFC01FE030A10040355F /* Btn_ponentes_plomo@1x.png */,
				C359BFC11FE030A10040355F /* Btn_ponentes_plomo@2x.png */,
				C359BFC21FE030A10040355F /* Btn_ponentes_plomo@3x.png */,
			);
			path = Btn_Ponentes;
			sourceTree = "<group>";
		};
		C359BFC31FE030A10040355F /* btn_Programa */ = {
			isa = PBXGroup;
			children = (
				C359BFC41FE030A10040355F /* Btn_programa_final@1x.png */,
				C359BFC51FE030A10040355F /* Btn_programa_final@2x.png */,
				C359BFC61FE030A10040355F /* Btn_programa_final@3x.png */,
				C359BFC71FE030A10040355F /* Btn_programa_final_plomo@1x.png */,
				C359BFC81FE030A10040355F /* Btn_programa_final_plomo@2x.png */,
				C359BFC91FE030A10040355F /* Btn_programa_final_plomo@3x.png */,
			);
			path = btn_Programa;
			sourceTree = "<group>";
		};
		C359BFE81FE031090040355F /* btn_encuesta */ = {
			isa = PBXGroup;
			children = (
				C3A129A81FC3468A00535B52 /* EditIcon@1x.png */,
				C3A129A61FC3468900535B52 /* EditIcon@2x.png */,
				C3A129A71FC3468A00535B52 /* EditIcon@3x.png */,
			);
			path = btn_encuesta;
			sourceTree = "<group>";
		};
		C359BFE91FE0312D0040355F /* favoritoCeldayDetalle */ = {
			isa = PBXGroup;
			children = (
				C362F2B81FCF194E00C9ED3C /* btn_Favorito_marcado@1x.png */,
				C362F2B61FCF194E00C9ED3C /* btn_Favorito_marcado@2x.png */,
				C362F2B51FCF194E00C9ED3C /* btn_Favorito_marcado@3x.png */,
				C362F2B71FCF194E00C9ED3C /* Btn_favoritos_SinMarcar@1x.png */,
				C362F2B91FCF194F00C9ED3C /* Btn_favoritos_SinMarcar@2x.png */,
				C362F2B41FCF194E00C9ED3C /* Btn_favoritos_SinMarcar@3x.png */,
			);
			path = favoritoCeldayDetalle;
			sourceTree = "<group>";
		};
		C359BFEA1FE031890040355F /* iconoMaterialesCelda */ = {
			isa = PBXGroup;
			children = (
				C33455AA1FDF2E16006E548A /* ImgDoc@1x.png */,
				C33455AB1FDF2E16006E548A /* ImgDoc@2x.png */,
				C33455AC1FDF2E17006E548A /* ImgDoc@3x.png */,
			);
			path = iconoMaterialesCelda;
			sourceTree = "<group>";
		};
		C359BFEB1FE031A30040355F /* estrellaRating */ = {
			isa = PBXGroup;
			children = (
				C3A20BA81FBA1334009B2954 /* Estrellarellena@1x.png */,
				C3A20BA71FBA1334009B2954 /* Estrellarellena@2x.png */,
				C3A20BA91FBA1334009B2954 /* Estrellarellena@3x.png */,
				C3A20BA41FBA1333009B2954 /* EstrellaTransparente@1x.png */,
				C3A20BA51FBA1334009B2954 /* EstrellaTransparente@2x.png */,
				C3A20BA61FBA1334009B2954 /* EstrellaTransparente@3x.png */,
			);
			path = estrellaRating;
			sourceTree = "<group>";
		};
		C359BFEC1FE031BD0040355F /* almuerzoIcono */ = {
			isa = PBXGroup;
			children = (
				C33B00EA1FD98FF2002F3467 /* almuerzo@1x.png */,
				C33B00E81FD98FF2002F3467 /* almuerzo@2x.png */,
				C33B00E91FD98FF2002F3467 /* almuerzo@3x.png */,
			);
			path = almuerzoIcono;
			sourceTree = "<group>";
		};
		C359BFED1FE033AF0040355F /* btn_otros */ = {
			isa = PBXGroup;
			children = (
				C359BFEE1FE033AF0040355F /* menu.png */,
				C359BFEF1FE033AF0040355F /* menu@2x.png */,
				C359BFF01FE033AF0040355F /* menu@3x.png */,
				C359BFF11FE033AF0040355F /* menu_azul.png */,
				C359BFF21FE033AF0040355F /* menu_azul@2x.png */,
				C359BFF31FE033AF0040355F /* menu_azul@3x.png */,
			);
			path = btn_otros;
			sourceTree = "<group>";
		};
		C359BFFA1FE036FD0040355F /* btn_menuLatera */ = {
			isa = PBXGroup;
			children = (
				C359BFFB1FE036FD0040355F /* Comite_academico@1x.png */,
				C359BFFC1FE036FD0040355F /* Comite_academico@2x.png */,
				C359BFFD1FE036FD0040355F /* Comite_academico@3x.png */,
				C359BFFE1FE036FD0040355F /* EncuestaIcono@1x.png */,
				C359BFFF1FE036FD0040355F /* EncuestaIcono@2x.png */,
				C359C0001FE036FD0040355F /* EncuestaIcono@3x.png */,
				C359C0011FE036FD0040355F /* LogoNews@1x.png */,
				C359C0021FE036FD0040355F /* LogoNews@2x.png */,
				C359C0031FE036FD0040355F /* LogoNews@3x.png */,
				C359C0041FE036FD0040355F /* Materiales_Icon@1x.png */,
				C359C0051FE036FD0040355F /* Materiales_Icon@2x.png */,
				C359C0061FE036FD0040355F /* Materiales_Icon@3x.png */,
			);
			path = btn_menuLatera;
			sourceTree = "<group>";
		};
		C378EC401F055ADA00DE0318 /* PartesAPP */ = {
			isa = PBXGroup;
			children = (
				C33B35141FEB06A800F90B86 /* sociedadIcono */,
				C33E294A1FA251EC00C11D4A /* splashSMS2017@3x.png */,
				C3C12F941F2B9E7A00D01AD4 /* pinilla.png */,
				C378EC5D1F0582B700DE0318 /* Ponente_ausente_Hombre.png */,
				C359BFEC1FE031BD0040355F /* almuerzoIcono */,
				C359BFEB1FE031A30040355F /* estrellaRating */,
				C359BFEA1FE031890040355F /* iconoMaterialesCelda */,
				C359BFE91FE0312D0040355F /* favoritoCeldayDetalle */,
				C359BFA71FE030A10040355F /* btns_tab_bar */,
				C332B25F1FD74AA500D4A94D /* Botones navegacion */,
				C378EC471F055ADA00DE0318 /* img_break.png */,
			);
			path = PartesAPP;
			sourceTree = "<group>";
		};
		C378EC5B1F05822400DE0318 /* Detalles */ = {
			isa = PBXGroup;
			children = (
				C340B2D6203DA62F004EEAEF /* CollectionViewCell.swift */,
				C378EC3E1F05543000DE0318 /* DetalleProgramaVC.swift */,
				C378EC571F05820300DE0318 /* DetallePersonaVC.swift */,
				C378EC591F05821900DE0318 /* DetallePatrocinadorVC.swift */,
				C337AAD81F94E2D200164780 /* DetalleMaterialesVC.swift */,
			);
			name = Detalles;
			sourceTree = "<group>";
		};
		C378EC5C1F05823000DE0318 /* Controllers */ = {
			isa = PBXGroup;
			children = (
				C3220A641F8FC33D00A08B15 /* Sociedad */,
				C3220A651F8FC34900A08B15 /* Congreso */,
			);
			name = Controllers;
			sourceTree = "<group>";
		};
		E1CBA84F3738331F549B0449 /* Pods */ = {
			isa = PBXGroup;
			children = (
				73148D13B6370238CC4A32E1 /* Pods-SMS.debug.xcconfig */,
				1C2C955866E28B340F8E0309 /* Pods-SMS.release.xcconfig */,
			);
			name = Pods;
			sourceTree = "<group>";
		};
/* End PBXGroup section */

/* Begin PBXNativeTarget section */
		C34BA8791F04173500022E6B /* SMS */ = {
			isa = PBXNativeTarget;
			buildConfigurationList = C34BA88F1F04173500022E6B /* Build configuration list for PBXNativeTarget "SMS" */;
			buildPhases = (
				478175F02A308A23A12C08F7 /* [CP] Check Pods Manifest.lock */,
				C34BA8761F04173500022E6B /* Sources */,
				C34BA8771F04173500022E6B /* Frameworks */,
				C34BA8781F04173500022E6B /* Resources */,
				98D945658E6B2E5E18009630 /* [CP] Embed Pods Frameworks */,
				D4F1C66418CC97C56A99FD06 /* [CP] Copy Pods Resources */,
			);
			buildRules = (
			);
			dependencies = (
			);
			name = SMS;
			productName = SMS;
			productReference = C34BA87A1F04173500022E6B /* SMS Chile.app */;
			productType = "com.apple.product-type.application";
		};
/* End PBXNativeTarget section */

/* Begin PBXProject section */
		C34BA8721F04173500022E6B /* Project object */ = {
			isa = PBXProject;
			attributes = {
				LastSwiftUpdateCheck = 0830;
				LastUpgradeCheck = 0930;
				ORGANIZATIONNAME = "Arturo Sanhueza";
				TargetAttributes = {
					C34BA8791F04173500022E6B = {
						CreatedOnToolsVersion = 8.3.3;
						DevelopmentTeam = U5A54XUB2N;
						LastSwiftMigration = 0900;
						ProvisioningStyle = Automatic;
						SystemCapabilities = {
							com.apple.BackgroundModes = {
								enabled = 1;
							};
							com.apple.Push = {
								enabled = 1;
							};
						};
					};
				};
			};
			buildConfigurationList = C34BA8751F04173500022E6B /* Build configuration list for PBXProject "SMS" */;
			compatibilityVersion = "Xcode 3.2";
			developmentRegion = English;
			hasScannedForEncodings = 0;
			knownRegions = (
				en,
				Base,
			);
			mainGroup = C34BA8711F04173500022E6B;
			productRefGroup = C34BA87B1F04173500022E6B /* Products */;
			projectDirPath = "";
			projectRoot = "";
			targets = (
				C34BA8791F04173500022E6B /* SMS */,
			);
		};
/* End PBXProject section */

/* Begin PBXResourcesBuildPhase section */
		C34BA8781F04173500022E6B /* Resources */ = {
			isa = PBXResourcesBuildPhase;
			buildActionMask = 2147483647;
			files = (
				C359BFDE1FE030A10040355F /* Btn_ponentes_azul@3x.png in Resources */,
				C332B2691FD74AA500D4A94D /* next Arrow.png in Resources */,
				C359BFCE1FE030A10040355F /* Btn_Favoritos_azul@2x.png in Resources */,
				C378EC501F055ADA00DE0318 /* img_break.png in Resources */,
				C359BFF71FE033B00040355F /* menu_azul.png in Resources */,
				C34BA88B1F04173500022E6B /* LaunchScreen.storyboard in Resources */,
				C359C00E1FE036FE0040355F /* LogoNews@2x.png in Resources */,
				C362F2BC1FCF194F00C9ED3C /* btn_Favorito_marcado@2x.png in Resources */,
				C359BFE21FE030A10040355F /* Btn_programa_final@1x.png in Resources */,
				C3A20BAE1FBA1335009B2954 /* Estrellarellena@1x.png in Resources */,
				C359BFD51FE030A10040355F /* Btn_Favoritos_plomo@3x.png in Resources */,
				C359C0121FE036FE0040355F /* Materiales_Icon@3x.png in Resources */,
				C3A129A91FC3468A00535B52 /* EditIcon@2x.png in Resources */,
				C359BFDD1FE030A10040355F /* Btn_ponentes_azul@2x.png in Resources */,
				C359C00B1FE036FE0040355F /* EncuestaIcono@2x.png in Resources */,
				C359C00A1FE036FE0040355F /* EncuestaIcono@1x.png in Resources */,
				C359BFDB1FE030A10040355F /* Patrocinador_Plomo@3x.png in Resources */,
				C332B26A1FD74AA500D4A94D /* next Arrow@2x.png in Resources */,
				C33B00ED1FD98FF2002F3467 /* almuerzo@1x.png in Resources */,
				C359BFCF1FE030A10040355F /* Btn_Favoritos_azul@3x.png in Resources */,
				C359C0071FE036FE0040355F /* Comite_academico@1x.png in Resources */,
				C362F2BD1FCF194F00C9ED3C /* Btn_favoritos_SinMarcar@1x.png in Resources */,
				C359BFF41FE033B00040355F /* menu.png in Resources */,
				C359BFD71FE030A10040355F /* Patrocinador_azul@2x.png in Resources */,
				C33B00EB1FD98FF2002F3467 /* almuerzo@2x.png in Resources */,
				C359BFE51FE030A10040355F /* Btn_programa_final_plomo@1x.png in Resources */,
				C33B35111FEB06A000F90B86 /* icono_ociedad_azul@3x.png in Resources */,
				C33B35121FEB06A000F90B86 /* icono_ociedad_plomo.png in Resources */,
				C378EC5E1F0582B700DE0318 /* Ponente_ausente_Hombre.png in Resources */,
				C33B35131FEB06A000F90B86 /* icono_ociedad_plomo@2x.png in Resources */,
				C332B2681FD74AA500D4A94D /* Back_Arrow@3x.png in Resources */,
				C359C0111FE036FE0040355F /* Materiales_Icon@2x.png in Resources */,
				C359BFE01FE030A10040355F /* Btn_ponentes_plomo@2x.png in Resources */,
				C359BFD31FE030A10040355F /* Btn_Favoritos_plomo@1x.png in Resources */,
				C359BFCB1FE030A10040355F /* btn_Favoritos@2x.png in Resources */,
				C359BFF61FE033B00040355F /* menu@3x.png in Resources */,
				C332B2661FD74AA500D4A94D /* Back_Arrow.png in Resources */,
				C359BFE41FE030A10040355F /* Btn_programa_final@3x.png in Resources */,
				C359BFD41FE030A10040355F /* Btn_Favoritos_plomo@2x.png in Resources */,
				C359BFDA1FE030A10040355F /* Patrocinador_Plomo@2x.png in Resources */,
				C3A129AA1FC3468A00535B52 /* EditIcon@3x.png in Resources */,
				C33E294B1FA251ED00C11D4A /* splashSMS2017@3x.png in Resources */,
				C359BFD01FE030A10040355F /* btn_Favoritos_calor.png in Resources */,
				C362F2BF1FCF194F00C9ED3C /* Btn_favoritos_SinMarcar@2x.png in Resources */,
				C359BFE61FE030A10040355F /* Btn_programa_final_plomo@2x.png in Resources */,
				C359C00F1FE036FE0040355F /* LogoNews@3x.png in Resources */,
				C332B2671FD74AA500D4A94D /* Back_Arrow@2x.png in Resources */,
				C359C00D1FE036FE0040355F /* LogoNews@1x.png in Resources */,
				C359BFDF1FE030A10040355F /* Btn_ponentes_plomo@1x.png in Resources */,
				C359BFCA1FE030A10040355F /* btn_Favoritos@1x.png in Resources */,
				C359BFF81FE033B00040355F /* menu_azul@2x.png in Resources */,
				C359BFD91FE030A10040355F /* Patrocinador_Plomo@1x.png in Resources */,
				C332B26B1FD74AA500D4A94D /* next Arrow@3x.png in Resources */,
				C34BA8881F04173500022E6B /* Assets.xcassets in Resources */,
				C359BFD21FE030A10040355F /* btn_Favoritos_calor@3x.png in Resources */,
				C3A20BAF1FBA1335009B2954 /* Estrellarellena@3x.png in Resources */,
				C33455AF1FDF2E18006E548A /* ImgDoc@3x.png in Resources */,
				C359BFDC1FE030A10040355F /* Btn_ponentes_azul@1x.png in Resources */,
				C3A20BAD1FBA1335009B2954 /* Estrellarellena@2x.png in Resources */,
				C34BA8831F04173500022E6B /* Main.storyboard in Resources */,
				C359BFE11FE030A10040355F /* Btn_ponentes_plomo@3x.png in Resources */,
				C359BFD11FE030A10040355F /* btn_Favoritos_calor@2x.png in Resources */,
				C359BFD61FE030A10040355F /* Patrocinador_azul@1x.png in Resources */,
				C362F2BA1FCF194F00C9ED3C /* Btn_favoritos_SinMarcar@3x.png in Resources */,
				C3A20BAA1FBA1335009B2954 /* EstrellaTransparente@1x.png in Resources */,
				C359BFF91FE033B00040355F /* menu_azul@3x.png in Resources */,
				C33B35101FEB06A000F90B86 /* icono_ociedad_azul@2x.png in Resources */,
				C3A20BAB1FBA1335009B2954 /* EstrellaTransparente@2x.png in Resources */,
				C3C12F951F2B9E7A00D01AD4 /* pinilla.png in Resources */,
				C359C0081FE036FE0040355F /* Comite_academico@2x.png in Resources */,
				C33455AE1FDF2E18006E548A /* ImgDoc@2x.png in Resources */,
				C362F2BE1FCF194F00C9ED3C /* btn_Favorito_marcado@1x.png in Resources */,
				C33B350E1FEB06A000F90B86 /* icono_ociedad_plomo@3x.png in Resources */,
				C359BFF51FE033B00040355F /* menu@2x.png in Resources */,
				C33B00EC1FD98FF2002F3467 /* almuerzo@3x.png in Resources */,
				C359BFCC1FE030A10040355F /* btn_Favoritos@3x.png in Resources */,
				C33B350F1FEB06A000F90B86 /* icono_ociedad_azul.png in Resources */,
				C359C0101FE036FE0040355F /* Materiales_Icon@1x.png in Resources */,
				C359C00C1FE036FE0040355F /* EncuestaIcono@3x.png in Resources */,
				C33455AD1FDF2E18006E548A /* ImgDoc@1x.png in Resources */,
				C359C0091FE036FE0040355F /* Comite_academico@3x.png in Resources */,
				C3A129AB1FC3468A00535B52 /* EditIcon@1x.png in Resources */,
				C359BFD81FE030A10040355F /* Patrocinador_azul@3x.png in Resources */,
				C359BFE71FE030A10040355F /* Btn_programa_final_plomo@3x.png in Resources */,
				C359BFE31FE030A10040355F /* Btn_programa_final@2x.png in Resources */,
				C362F2BB1FCF194F00C9ED3C /* btn_Favorito_marcado@3x.png in Resources */,
				C359BFCD1FE030A10040355F /* Btn_Favoritos_azul@1x.png in Resources */,
				C3A20BAC1FBA1335009B2954 /* EstrellaTransparente@3x.png in Resources */,
			);
			runOnlyForDeploymentPostprocessing = 0;
		};
/* End PBXResourcesBuildPhase section */

/* Begin PBXShellScriptBuildPhase section */
		478175F02A308A23A12C08F7 /* [CP] Check Pods Manifest.lock */ = {
			isa = PBXShellScriptBuildPhase;
			buildActionMask = 2147483647;
			files = (
			);
			inputPaths = (
				"${PODS_PODFILE_DIR_PATH}/Podfile.lock",
				"${PODS_ROOT}/Manifest.lock",
			);
			name = "[CP] Check Pods Manifest.lock";
			outputPaths = (
				"$(DERIVED_FILE_DIR)/Pods-SMS-checkManifestLockResult.txt",
			);
			runOnlyForDeploymentPostprocessing = 0;
			shellPath = /bin/sh;
			shellScript = "diff \"${PODS_PODFILE_DIR_PATH}/Podfile.lock\" \"${PODS_ROOT}/Manifest.lock\" > /dev/null\nif [ $? != 0 ] ; then\n    # print error to STDERR\n    echo \"error: The sandbox is not in sync with the Podfile.lock. Run 'pod install' or update your CocoaPods installation.\" >&2\n    exit 1\nfi\n# This output is used by Xcode 'outputs' to avoid re-running this script phase.\necho \"SUCCESS\" > \"${SCRIPT_OUTPUT_FILE_0}\"\n";
			showEnvVarsInLog = 0;
		};
		98D945658E6B2E5E18009630 /* [CP] Embed Pods Frameworks */ = {
			isa = PBXShellScriptBuildPhase;
			buildActionMask = 2147483647;
			files = (
			);
			inputPaths = (
				"${SRCROOT}/Pods/Target Support Files/Pods-SMS/Pods-SMS-frameworks.sh",
				"${BUILT_PRODUCTS_DIR}/Bolts-Swift/BoltsSwift.framework",
				"${BUILT_PRODUCTS_DIR}/Bolts/Bolts.framework",
				"${BUILT_PRODUCTS_DIR}/Parse/Parse.framework",
				"${BUILT_PRODUCTS_DIR}/ParseLiveQuery/ParseLiveQuery.framework",
				"${BUILT_PRODUCTS_DIR}/ReadMoreTextView/ReadMoreTextView.framework",
				"${BUILT_PRODUCTS_DIR}/SWSegmentedControl/SWSegmentedControl.framework",
				"${BUILT_PRODUCTS_DIR}/Starscream/Starscream.framework",
			);
			name = "[CP] Embed Pods Frameworks";
			outputPaths = (
				"${TARGET_BUILD_DIR}/${FRAMEWORKS_FOLDER_PATH}/BoltsSwift.framework",
				"${TARGET_BUILD_DIR}/${FRAMEWORKS_FOLDER_PATH}/Bolts.framework",
				"${TARGET_BUILD_DIR}/${FRAMEWORKS_FOLDER_PATH}/Parse.framework",
				"${TARGET_BUILD_DIR}/${FRAMEWORKS_FOLDER_PATH}/ParseLiveQuery.framework",
				"${TARGET_BUILD_DIR}/${FRAMEWORKS_FOLDER_PATH}/ReadMoreTextView.framework",
				"${TARGET_BUILD_DIR}/${FRAMEWORKS_FOLDER_PATH}/SWSegmentedControl.framework",
				"${TARGET_BUILD_DIR}/${FRAMEWORKS_FOLDER_PATH}/Starscream.framework",
			);
			runOnlyForDeploymentPostprocessing = 0;
			shellPath = /bin/sh;
			shellScript = "\"${SRCROOT}/Pods/Target Support Files/Pods-SMS/Pods-SMS-frameworks.sh\"\n";
			showEnvVarsInLog = 0;
		};
		D4F1C66418CC97C56A99FD06 /* [CP] Copy Pods Resources */ = {
			isa = PBXShellScriptBuildPhase;
			buildActionMask = 2147483647;
			files = (
			);
			inputPaths = (
			);
			name = "[CP] Copy Pods Resources";
			outputPaths = (
			);
			runOnlyForDeploymentPostprocessing = 0;
			shellPath = /bin/sh;
			shellScript = "\"${SRCROOT}/Pods/Target Support Files/Pods-SMS/Pods-SMS-resources.sh\"\n";
			showEnvVarsInLog = 0;
		};
/* End PBXShellScriptBuildPhase section */

/* Begin PBXSourcesBuildPhase section */
		C34BA8761F04173500022E6B /* Sources */ = {
			isa = PBXSourcesBuildPhase;
			buildActionMask = 2147483647;
			files = (
				C3220A691F8FC4A200A08B15 /* DirectivaVC.swift in Sources */,
				C3220A671F8FC48F00A08B15 /* CongresosVC.swift in Sources */,
				C340B2D9203DA633004EEAEF /* CollectionViewCell.swift in Sources */,
				C3220A751F9296C700A08B15 /* DirectorioVC.swift in Sources */,
				C378EC391F05531B00DE0318 /* FavoritosVC.swift in Sources */,
				C34BA8801F04173500022E6B /* ProgramaVC.swift in Sources */,
				C3A129A51FC3276700535B52 /* EncuestaGeneralVC.swift in Sources */,
				C33E29491FA2342500C11D4A /* SplashVC.swift in Sources */,
				C330F7331FB513D8005BAF8C /* EncuestaVC.swift in Sources */,
				C334EDE31F0D3E3700A084D4 /* MapVC.swift in Sources */,
				C3220A7A1F92D85400A08B15 /* CongresoNavViewController.swift in Sources */,
				C33455B11FDF48E5006E548A /* MoreVC.swift in Sources */,
				C378EC3D1F05542200DE0318 /* SMSVC.swift in Sources */,
				C3220A601F8FA90600A08B15 /* CongresoTabBarVC.swift in Sources */,
				C31C25081F0BF922006492EF /* FormatoFechas.swift in Sources */,
				C378EC581F05820300DE0318 /* DetallePersonaVC.swift in Sources */,
				C347B9E91FAD15FC00CB0CB0 /* PreguntasVC.swift in Sources */,
				C337AAD91F94E2D200164780 /* DetalleMaterialesVC.swift in Sources */,
				C317A0471FB615C9009B0F0D /* FloatRatingView.swift in Sources */,
				C378EC3B1F05532A00DE0318 /* PatrocinadoresVC.swift in Sources */,
				C3A58D3B1F054953003095FF /* TableViewCell.swift in Sources */,
				C378EC371F05530900DE0318 /* SpeakersVC.swift in Sources */,
				C3220A631F8FAD2A00A08B15 /* TabBarAppVC.swift in Sources */,
				C3220A771F92970700A08B15 /* NovedadesVC.swift in Sources */,
				C34BA87E1F04173500022E6B /* AppDelegate.swift in Sources */,
				C340B2D5203DA60D004EEAEF /* CTableViewCell.swift in Sources */,
				C378EC3F1F05543000DE0318 /* DetalleProgramaVC.swift in Sources */,
				C3220A7C1F92F5A500A08B15 /* MaterialesVC.swift in Sources */,
				C332C2551FA91B04003F8DDE /* RefreshData.swift in Sources */,
				C3220A6B1F8FC4AF00A08B15 /* SociedadVC.swift in Sources */,
				C378EC5A1F05821900DE0318 /* DetallePatrocinadorVC.swift in Sources */,
			);
			runOnlyForDeploymentPostprocessing = 0;
		};
/* End PBXSourcesBuildPhase section */

/* Begin PBXVariantGroup section */
		C34BA8811F04173500022E6B /* Main.storyboard */ = {
			isa = PBXVariantGroup;
			children = (
				C34BA8821F04173500022E6B /* Base */,
			);
			name = Main.storyboard;
			sourceTree = "<group>";
		};
		C34BA8891F04173500022E6B /* LaunchScreen.storyboard */ = {
			isa = PBXVariantGroup;
			children = (
				C34BA88A1F04173500022E6B /* Base */,
			);
			name = LaunchScreen.storyboard;
			sourceTree = "<group>";
		};
/* End PBXVariantGroup section */

/* Begin XCBuildConfiguration section */
		C34BA88D1F04173500022E6B /* Debug */ = {
			isa = XCBuildConfiguration;
			buildSettings = {
				ALWAYS_SEARCH_USER_PATHS = NO;
				CLANG_ANALYZER_NONNULL = YES;
				CLANG_ANALYZER_NUMBER_OBJECT_CONVERSION = YES_AGGRESSIVE;
				CLANG_CXX_LANGUAGE_STANDARD = "gnu++0x";
				CLANG_CXX_LIBRARY = "libc++";
				CLANG_ENABLE_MODULES = YES;
				CLANG_ENABLE_OBJC_ARC = YES;
				CLANG_WARN_BLOCK_CAPTURE_AUTORELEASING = YES;
				CLANG_WARN_BOOL_CONVERSION = YES;
				CLANG_WARN_COMMA = YES;
				CLANG_WARN_CONSTANT_CONVERSION = YES;
				CLANG_WARN_DEPRECATED_OBJC_IMPLEMENTATIONS = YES;
				CLANG_WARN_DIRECT_OBJC_ISA_USAGE = YES_ERROR;
				CLANG_WARN_DOCUMENTATION_COMMENTS = YES;
				CLANG_WARN_EMPTY_BODY = YES;
				CLANG_WARN_ENUM_CONVERSION = YES;
				CLANG_WARN_INFINITE_RECURSION = YES;
				CLANG_WARN_INT_CONVERSION = YES;
				CLANG_WARN_NON_LITERAL_NULL_CONVERSION = YES;
				CLANG_WARN_OBJC_IMPLICIT_RETAIN_SELF = YES;
				CLANG_WARN_OBJC_LITERAL_CONVERSION = YES;
				CLANG_WARN_OBJC_ROOT_CLASS = YES_ERROR;
				CLANG_WARN_RANGE_LOOP_ANALYSIS = YES;
				CLANG_WARN_STRICT_PROTOTYPES = YES;
				CLANG_WARN_SUSPICIOUS_MOVE = YES;
				CLANG_WARN_UNREACHABLE_CODE = YES;
				CLANG_WARN__DUPLICATE_METHOD_MATCH = YES;
				"CODE_SIGN_IDENTITY[sdk=iphoneos*]" = "iPhone Developer";
				COPY_PHASE_STRIP = NO;
				DEBUG_INFORMATION_FORMAT = dwarf;
				ENABLE_STRICT_OBJC_MSGSEND = YES;
				ENABLE_TESTABILITY = YES;
				GCC_C_LANGUAGE_STANDARD = gnu99;
				GCC_DYNAMIC_NO_PIC = NO;
				GCC_NO_COMMON_BLOCKS = YES;
				GCC_OPTIMIZATION_LEVEL = 0;
				GCC_PREPROCESSOR_DEFINITIONS = (
					"DEBUG=1",
					"$(inherited)",
				);
				GCC_WARN_64_TO_32_BIT_CONVERSION = YES;
				GCC_WARN_ABOUT_RETURN_TYPE = YES_ERROR;
				GCC_WARN_UNDECLARED_SELECTOR = YES;
				GCC_WARN_UNINITIALIZED_AUTOS = YES_AGGRESSIVE;
				GCC_WARN_UNUSED_FUNCTION = YES;
				GCC_WARN_UNUSED_VARIABLE = YES;
				IPHONEOS_DEPLOYMENT_TARGET = 10.3;
				MTL_ENABLE_DEBUG_INFO = YES;
				ONLY_ACTIVE_ARCH = YES;
				SDKROOT = iphoneos;
				SWIFT_ACTIVE_COMPILATION_CONDITIONS = DEBUG;
				SWIFT_OPTIMIZATION_LEVEL = "-Onone";
			};
			name = Debug;
		};
		C34BA88E1F04173500022E6B /* Release */ = {
			isa = XCBuildConfiguration;
			buildSettings = {
				ALWAYS_SEARCH_USER_PATHS = NO;
				CLANG_ANALYZER_NONNULL = YES;
				CLANG_ANALYZER_NUMBER_OBJECT_CONVERSION = YES_AGGRESSIVE;
				CLANG_CXX_LANGUAGE_STANDARD = "gnu++0x";
				CLANG_CXX_LIBRARY = "libc++";
				CLANG_ENABLE_MODULES = YES;
				CLANG_ENABLE_OBJC_ARC = YES;
				CLANG_WARN_BLOCK_CAPTURE_AUTORELEASING = YES;
				CLANG_WARN_BOOL_CONVERSION = YES;
				CLANG_WARN_COMMA = YES;
				CLANG_WARN_CONSTANT_CONVERSION = YES;
				CLANG_WARN_DEPRECATED_OBJC_IMPLEMENTATIONS = YES;
				CLANG_WARN_DIRECT_OBJC_ISA_USAGE = YES_ERROR;
				CLANG_WARN_DOCUMENTATION_COMMENTS = YES;
				CLANG_WARN_EMPTY_BODY = YES;
				CLANG_WARN_ENUM_CONVERSION = YES;
				CLANG_WARN_INFINITE_RECURSION = YES;
				CLANG_WARN_INT_CONVERSION = YES;
				CLANG_WARN_NON_LITERAL_NULL_CONVERSION = YES;
				CLANG_WARN_OBJC_IMPLICIT_RETAIN_SELF = YES;
				CLANG_WARN_OBJC_LITERAL_CONVERSION = YES;
				CLANG_WARN_OBJC_ROOT_CLASS = YES_ERROR;
				CLANG_WARN_RANGE_LOOP_ANALYSIS = YES;
				CLANG_WARN_STRICT_PROTOTYPES = YES;
				CLANG_WARN_SUSPICIOUS_MOVE = YES;
				CLANG_WARN_UNREACHABLE_CODE = YES;
				CLANG_WARN__DUPLICATE_METHOD_MATCH = YES;
				"CODE_SIGN_IDENTITY[sdk=iphoneos*]" = "iPhone Developer";
				COPY_PHASE_STRIP = NO;
				DEBUG_INFORMATION_FORMAT = "dwarf-with-dsym";
				ENABLE_NS_ASSERTIONS = NO;
				ENABLE_STRICT_OBJC_MSGSEND = YES;
				GCC_C_LANGUAGE_STANDARD = gnu99;
				GCC_NO_COMMON_BLOCKS = YES;
				GCC_WARN_64_TO_32_BIT_CONVERSION = YES;
				GCC_WARN_ABOUT_RETURN_TYPE = YES_ERROR;
				GCC_WARN_UNDECLARED_SELECTOR = YES;
				GCC_WARN_UNINITIALIZED_AUTOS = YES_AGGRESSIVE;
				GCC_WARN_UNUSED_FUNCTION = YES;
				GCC_WARN_UNUSED_VARIABLE = YES;
				IPHONEOS_DEPLOYMENT_TARGET = 10.3;
				MTL_ENABLE_DEBUG_INFO = NO;
				SDKROOT = iphoneos;
				SWIFT_OPTIMIZATION_LEVEL = "-Owholemodule";
				VALIDATE_PRODUCT = YES;
			};
			name = Release;
		};
		C34BA8901F04173500022E6B /* Debug */ = {
			isa = XCBuildConfiguration;
			baseConfigurationReference = 73148D13B6370238CC4A32E1 /* Pods-SMS.debug.xcconfig */;
			buildSettings = {
				ALWAYS_EMBED_SWIFT_STANDARD_LIBRARIES = YES;
				ASSETCATALOG_COMPILER_APPICON_NAME = AppIcon;
				ASSETCATALOG_COMPILER_LAUNCHIMAGE_NAME = LaunchImage;
				CODE_SIGN_ENTITLEMENTS = SMS/SMS.entitlements;
				DEVELOPMENT_TEAM = U5A54XUB2N;
				INFOPLIST_FILE = SMS/Info.plist;
				IPHONEOS_DEPLOYMENT_TARGET = 9.3;
				LD_RUNPATH_SEARCH_PATHS = "$(inherited) @executable_path/Frameworks";
				PRODUCT_BUNDLE_IDENTIFIER = com.mobicongress.sms;
				PRODUCT_MODULE_NAME = SMS;
				PRODUCT_NAME = "SMS Chile";
				SWIFT_SWIFT3_OBJC_INFERENCE = On;
				SWIFT_VERSION = 4.0;
				TARGETED_DEVICE_FAMILY = 1;
			};
			name = Debug;
		};
		C34BA8911F04173500022E6B /* Release */ = {
			isa = XCBuildConfiguration;
			baseConfigurationReference = 1C2C955866E28B340F8E0309 /* Pods-SMS.release.xcconfig */;
			buildSettings = {
				ALWAYS_EMBED_SWIFT_STANDARD_LIBRARIES = YES;
				ASSETCATALOG_COMPILER_APPICON_NAME = AppIcon;
				ASSETCATALOG_COMPILER_LAUNCHIMAGE_NAME = LaunchImage;
				CODE_SIGN_ENTITLEMENTS = SMS/SMS.entitlements;
				DEVELOPMENT_TEAM = U5A54XUB2N;
				INFOPLIST_FILE = SMS/Info.plist;
				IPHONEOS_DEPLOYMENT_TARGET = 9.3;
				LD_RUNPATH_SEARCH_PATHS = "$(inherited) @executable_path/Frameworks";
				PRODUCT_BUNDLE_IDENTIFIER = com.mobicongress.sms;
				PRODUCT_MODULE_NAME = SMS;
				PRODUCT_NAME = "SMS Chile";
				SWIFT_SWIFT3_OBJC_INFERENCE = On;
				SWIFT_VERSION = 4.0;
				TARGETED_DEVICE_FAMILY = 1;
			};
			name = Release;
		};
/* End XCBuildConfiguration section */

/* Begin XCConfigurationList section */
		C34BA8751F04173500022E6B /* Build configuration list for PBXProject "SMS" */ = {
			isa = XCConfigurationList;
			buildConfigurations = (
				C34BA88D1F04173500022E6B /* Debug */,
				C34BA88E1F04173500022E6B /* Release */,
			);
			defaultConfigurationIsVisible = 0;
			defaultConfigurationName = Release;
		};
		C34BA88F1F04173500022E6B /* Build configuration list for PBXNativeTarget "SMS" */ = {
			isa = XCConfigurationList;
			buildConfigurations = (
				C34BA8901F04173500022E6B /* Debug */,
				C34BA8911F04173500022E6B /* Release */,
			);
			defaultConfigurationIsVisible = 0;
			defaultConfigurationName = Release;
		};
/* End XCConfigurationList section */
	};
	rootObject = C34BA8721F04173500022E6B /* Project object */;
}
