// !$*UTF8*$!
{
	archiveVersion = 1;
	classes = {
	};
	objectVersion = 46;
	objects = {

/* Begin PBXBuildFile section */
		C31C25081F0BF922006492EF /* FormatoFechas.swift in Sources */ = {isa = PBXBuildFile; fileRef = C31C25071F0BF922006492EF /* FormatoFechas.swift */; };
		C3220A601F8FA90600A08B15 /* CongresoTabBarVC.swift in Sources */ = {isa = PBXBuildFile; fileRef = C3220A5F1F8FA90600A08B15 /* CongresoTabBarVC.swift */; };
		C3220A631F8FAD2A00A08B15 /* TabBarAppVC.swift in Sources */ = {isa = PBXBuildFile; fileRef = C3220A621F8FAD2A00A08B15 /* TabBarAppVC.swift */; };
		C3220A671F8FC48F00A08B15 /* CongresosVC.swift in Sources */ = {isa = PBXBuildFile; fileRef = C3220A661F8FC48F00A08B15 /* CongresosVC.swift */; };
		C3220A691F8FC4A200A08B15 /* DirectivaVC.swift in Sources */ = {isa = PBXBuildFile; fileRef = C3220A681F8FC4A200A08B15 /* DirectivaVC.swift */; };
		C3220A6B1F8FC4AF00A08B15 /* SociedadVC.swift in Sources */ = {isa = PBXBuildFile; fileRef = C3220A6A1F8FC4AF00A08B15 /* SociedadVC.swift */; };
		C3220A6D1F8FD13600A08B15 /* Home.png in Resources */ = {isa = PBXBuildFile; fileRef = C3220A6C1F8FD13600A08B15 /* Home.png */; };
		C3220A701F8FE50A00A08B15 /* directiva.png in Resources */ = {isa = PBXBuildFile; fileRef = C3220A6E1F8FE50A00A08B15 /* directiva.png */; };
		C3220A711F8FE50A00A08B15 /* Sociedad.png in Resources */ = {isa = PBXBuildFile; fileRef = C3220A6F1F8FE50A00A08B15 /* Sociedad.png */; };
		C3220A731F90002B00A08B15 /* SplashNefro2017.png in Resources */ = {isa = PBXBuildFile; fileRef = C3220A721F90002B00A08B15 /* SplashNefro2017.png */; };
		C3220A751F9296C700A08B15 /* DirectorioVC.swift in Sources */ = {isa = PBXBuildFile; fileRef = C3220A741F9296C700A08B15 /* DirectorioVC.swift */; };
		C3220A771F92970700A08B15 /* NovedadesVC.swift in Sources */ = {isa = PBXBuildFile; fileRef = C3220A761F92970700A08B15 /* NovedadesVC.swift */; };
		C334EDE31F0D3E3700A084D4 /* MapVC.swift in Sources */ = {isa = PBXBuildFile; fileRef = C334EDE21F0D3E3700A084D4 /* MapVC.swift */; };
		C33A1BE31F2C006500B6B744 /* favMarcado.png in Resources */ = {isa = PBXBuildFile; fileRef = C33A1BE21F2C006500B6B744 /* favMarcado.png */; };
		C34BA87E1F04173500022E6B /* AppDelegate.swift in Sources */ = {isa = PBXBuildFile; fileRef = C34BA87D1F04173500022E6B /* AppDelegate.swift */; };
		C34BA8801F04173500022E6B /* ProgramaVC.swift in Sources */ = {isa = PBXBuildFile; fileRef = C34BA87F1F04173500022E6B /* ProgramaVC.swift */; };
		C34BA8831F04173500022E6B /* Main.storyboard in Resources */ = {isa = PBXBuildFile; fileRef = C34BA8811F04173500022E6B /* Main.storyboard */; };
		C34BA8881F04173500022E6B /* Assets.xcassets in Resources */ = {isa = PBXBuildFile; fileRef = C34BA8871F04173500022E6B /* Assets.xcassets */; };
		C34BA88B1F04173500022E6B /* LaunchScreen.storyboard in Resources */ = {isa = PBXBuildFile; fileRef = C34BA8891F04173500022E6B /* LaunchScreen.storyboard */; };
		C378EC371F05530900DE0318 /* SpeakersVC.swift in Sources */ = {isa = PBXBuildFile; fileRef = C378EC361F05530900DE0318 /* SpeakersVC.swift */; };
		C378EC391F05531B00DE0318 /* FavoritosVC.swift in Sources */ = {isa = PBXBuildFile; fileRef = C378EC381F05531B00DE0318 /* FavoritosVC.swift */; };
		C378EC3B1F05532A00DE0318 /* PatrocinadoresVC.swift in Sources */ = {isa = PBXBuildFile; fileRef = C378EC3A1F05532A00DE0318 /* PatrocinadoresVC.swift */; };
		C378EC3D1F05542200DE0318 /* SMSVC.swift in Sources */ = {isa = PBXBuildFile; fileRef = C378EC3C1F05542200DE0318 /* SMSVC.swift */; };
		C378EC3F1F05543000DE0318 /* DetalleProgramaVC.swift in Sources */ = {isa = PBXBuildFile; fileRef = C378EC3E1F05543000DE0318 /* DetalleProgramaVC.swift */; };
		C378EC4A1F055ADA00DE0318 /* Btn_avanzar_derecha.png in Resources */ = {isa = PBXBuildFile; fileRef = C378EC411F055ADA00DE0318 /* Btn_avanzar_derecha.png */; };
		C378EC4B1F055ADA00DE0318 /* btn_back.png in Resources */ = {isa = PBXBuildFile; fileRef = C378EC421F055ADA00DE0318 /* btn_back.png */; };
		C378EC4C1F055ADA00DE0318 /* btn_Favorito_marcado.png in Resources */ = {isa = PBXBuildFile; fileRef = C378EC431F055ADA00DE0318 /* btn_Favorito_marcado.png */; };
		C378EC4D1F055ADA00DE0318 /* Btn_favoritos_SinMarcar.png in Resources */ = {isa = PBXBuildFile; fileRef = C378EC441F055ADA00DE0318 /* Btn_favoritos_SinMarcar.png */; };
		C378EC4E1F055ADA00DE0318 /* btn_patrocinadores.png in Resources */ = {isa = PBXBuildFile; fileRef = C378EC451F055ADA00DE0318 /* btn_patrocinadores.png */; };
		C378EC4F1F055ADA00DE0318 /* btnFavorito.png in Resources */ = {isa = PBXBuildFile; fileRef = C378EC461F055ADA00DE0318 /* btnFavorito.png */; };
		C378EC501F055ADA00DE0318 /* img_break.png in Resources */ = {isa = PBXBuildFile; fileRef = C378EC471F055ADA00DE0318 /* img_break.png */; };
		C378EC511F055ADA00DE0318 /* ponente.png in Resources */ = {isa = PBXBuildFile; fileRef = C378EC481F055ADA00DE0318 /* ponente.png */; };
		C378EC521F055ADA00DE0318 /* programa.png in Resources */ = {isa = PBXBuildFile; fileRef = C378EC491F055ADA00DE0318 /* programa.png */; };
		C378EC541F0570EE00DE0318 /* splash@2x.png in Resources */ = {isa = PBXBuildFile; fileRef = C378EC531F0570EE00DE0318 /* splash@2x.png */; };
		C378EC561F0576B900DE0318 /* btn_directiva.png in Resources */ = {isa = PBXBuildFile; fileRef = C378EC551F0576B900DE0318 /* btn_directiva.png */; };
		C378EC581F05820300DE0318 /* DetallePersonaVC.swift in Sources */ = {isa = PBXBuildFile; fileRef = C378EC571F05820300DE0318 /* DetallePersonaVC.swift */; };
		C378EC5A1F05821900DE0318 /* DetallePatrocinadorVC.swift in Sources */ = {isa = PBXBuildFile; fileRef = C378EC591F05821900DE0318 /* DetallePatrocinadorVC.swift */; };
		C378EC5E1F0582B700DE0318 /* Ponente_ausente_Hombre.png in Resources */ = {isa = PBXBuildFile; fileRef = C378EC5D1F0582B700DE0318 /* Ponente_ausente_Hombre.png */; };
		C3A58D3B1F054953003095FF /* TableViewCell.swift in Sources */ = {isa = PBXBuildFile; fileRef = C3A58D3A1F054953003095FF /* TableViewCell.swift */; };
		C3C12F921F2B998C00D01AD4 /* mapaVinapiso3.png in Resources */ = {isa = PBXBuildFile; fileRef = C3C12F901F2B998C00D01AD4 /* mapaVinapiso3.png */; };
		C3C12F931F2B998C00D01AD4 /* mapaVinaPlantacasino2.png in Resources */ = {isa = PBXBuildFile; fileRef = C3C12F911F2B998C00D01AD4 /* mapaVinaPlantacasino2.png */; };
		C3C12F951F2B9E7A00D01AD4 /* pinilla.png in Resources */ = {isa = PBXBuildFile; fileRef = C3C12F941F2B9E7A00D01AD4 /* pinilla.png */; };
		C3E728F61F06671B006203A8 /* isotip.png in Resources */ = {isa = PBXBuildFile; fileRef = C3E728F51F06671B006203A8 /* isotip.png */; };
		E689768FEAE107208BBC8ED9 /* Pods_SMS.framework in Frameworks */ = {isa = PBXBuildFile; fileRef = F76418B7CAE3F6027679F008 /* Pods_SMS.framework */; };
/* End PBXBuildFile section */

/* Begin PBXFileReference section */
		1C2C955866E28B340F8E0309 /* Pods-SMS.release.xcconfig */ = {isa = PBXFileReference; includeInIndex = 1; lastKnownFileType = text.xcconfig; name = "Pods-SMS.release.xcconfig"; path = "Pods/Target Support Files/Pods-SMS/Pods-SMS.release.xcconfig"; sourceTree = "<group>"; };
		73148D13B6370238CC4A32E1 /* Pods-SMS.debug.xcconfig */ = {isa = PBXFileReference; includeInIndex = 1; lastKnownFileType = text.xcconfig; name = "Pods-SMS.debug.xcconfig"; path = "Pods/Target Support Files/Pods-SMS/Pods-SMS.debug.xcconfig"; sourceTree = "<group>"; };
		C31C25071F0BF922006492EF /* FormatoFechas.swift */ = {isa = PBXFileReference; fileEncoding = 4; lastKnownFileType = sourcecode.swift; path = FormatoFechas.swift; sourceTree = "<group>"; };
		C3220A5F1F8FA90600A08B15 /* CongresoTabBarVC.swift */ = {isa = PBXFileReference; fileEncoding = 4; lastKnownFileType = sourcecode.swift; path = CongresoTabBarVC.swift; sourceTree = "<group>"; };
		C3220A621F8FAD2A00A08B15 /* TabBarAppVC.swift */ = {isa = PBXFileReference; fileEncoding = 4; lastKnownFileType = sourcecode.swift; path = TabBarAppVC.swift; sourceTree = "<group>"; };
		C3220A661F8FC48F00A08B15 /* CongresosVC.swift */ = {isa = PBXFileReference; fileEncoding = 4; lastKnownFileType = sourcecode.swift; path = CongresosVC.swift; sourceTree = "<group>"; };
		C3220A681F8FC4A200A08B15 /* DirectivaVC.swift */ = {isa = PBXFileReference; fileEncoding = 4; lastKnownFileType = sourcecode.swift; path = DirectivaVC.swift; sourceTree = "<group>"; };
		C3220A6A1F8FC4AF00A08B15 /* SociedadVC.swift */ = {isa = PBXFileReference; fileEncoding = 4; lastKnownFileType = sourcecode.swift; path = SociedadVC.swift; sourceTree = "<group>"; };
		C3220A6C1F8FD13600A08B15 /* Home.png */ = {isa = PBXFileReference; lastKnownFileType = image.png; path = Home.png; sourceTree = "<group>"; };
		C3220A6E1F8FE50A00A08B15 /* directiva.png */ = {isa = PBXFileReference; lastKnownFileType = image.png; path = directiva.png; sourceTree = "<group>"; };
		C3220A6F1F8FE50A00A08B15 /* Sociedad.png */ = {isa = PBXFileReference; lastKnownFileType = image.png; path = Sociedad.png; sourceTree = "<group>"; };
		C3220A721F90002B00A08B15 /* SplashNefro2017.png */ = {isa = PBXFileReference; lastKnownFileType = image.png; path = SplashNefro2017.png; sourceTree = "<group>"; };
		C3220A741F9296C700A08B15 /* DirectorioVC.swift */ = {isa = PBXFileReference; fileEncoding = 4; lastKnownFileType = sourcecode.swift; path = DirectorioVC.swift; sourceTree = "<group>"; };
		C3220A761F92970700A08B15 /* NovedadesVC.swift */ = {isa = PBXFileReference; fileEncoding = 4; lastKnownFileType = sourcecode.swift; path = NovedadesVC.swift; sourceTree = "<group>"; };
		C334EDE21F0D3E3700A084D4 /* MapVC.swift */ = {isa = PBXFileReference; fileEncoding = 4; lastKnownFileType = sourcecode.swift; path = MapVC.swift; sourceTree = "<group>"; };
		C33A1BE21F2C006500B6B744 /* favMarcado.png */ = {isa = PBXFileReference; lastKnownFileType = image.png; path = favMarcado.png; sourceTree = "<group>"; };
		C34BA87A1F04173500022E6B /* SMS.app */ = {isa = PBXFileReference; explicitFileType = wrapper.application; includeInIndex = 0; path = SMS.app; sourceTree = BUILT_PRODUCTS_DIR; };
		C34BA87D1F04173500022E6B /* AppDelegate.swift */ = {isa = PBXFileReference; lastKnownFileType = sourcecode.swift; path = AppDelegate.swift; sourceTree = "<group>"; };
		C34BA87F1F04173500022E6B /* ProgramaVC.swift */ = {isa = PBXFileReference; lastKnownFileType = sourcecode.swift; path = ProgramaVC.swift; sourceTree = "<group>"; };
		C34BA8821F04173500022E6B /* Base */ = {isa = PBXFileReference; lastKnownFileType = file.storyboard; name = Base; path = Base.lproj/Main.storyboard; sourceTree = "<group>"; };
		C34BA8871F04173500022E6B /* Assets.xcassets */ = {isa = PBXFileReference; lastKnownFileType = folder.assetcatalog; path = Assets.xcassets; sourceTree = "<group>"; };
		C34BA88A1F04173500022E6B /* Base */ = {isa = PBXFileReference; lastKnownFileType = file.storyboard; name = Base; path = Base.lproj/LaunchScreen.storyboard; sourceTree = "<group>"; };
		C34BA88C1F04173500022E6B /* Info.plist */ = {isa = PBXFileReference; lastKnownFileType = text.plist.xml; path = Info.plist; sourceTree = "<group>"; };
		C378EC361F05530900DE0318 /* SpeakersVC.swift */ = {isa = PBXFileReference; fileEncoding = 4; lastKnownFileType = sourcecode.swift; path = SpeakersVC.swift; sourceTree = "<group>"; };
		C378EC381F05531B00DE0318 /* FavoritosVC.swift */ = {isa = PBXFileReference; fileEncoding = 4; lastKnownFileType = sourcecode.swift; path = FavoritosVC.swift; sourceTree = "<group>"; };
		C378EC3A1F05532A00DE0318 /* PatrocinadoresVC.swift */ = {isa = PBXFileReference; fileEncoding = 4; lastKnownFileType = sourcecode.swift; path = PatrocinadoresVC.swift; sourceTree = "<group>"; };
		C378EC3C1F05542200DE0318 /* SMSVC.swift */ = {isa = PBXFileReference; fileEncoding = 4; lastKnownFileType = sourcecode.swift; path = SMSVC.swift; sourceTree = "<group>"; };
		C378EC3E1F05543000DE0318 /* DetalleProgramaVC.swift */ = {isa = PBXFileReference; fileEncoding = 4; lastKnownFileType = sourcecode.swift; path = DetalleProgramaVC.swift; sourceTree = "<group>"; };
		C378EC411F055ADA00DE0318 /* Btn_avanzar_derecha.png */ = {isa = PBXFileReference; lastKnownFileType = image.png; path = Btn_avanzar_derecha.png; sourceTree = "<group>"; };
		C378EC421F055ADA00DE0318 /* btn_back.png */ = {isa = PBXFileReference; lastKnownFileType = image.png; path = btn_back.png; sourceTree = "<group>"; };
		C378EC431F055ADA00DE0318 /* btn_Favorito_marcado.png */ = {isa = PBXFileReference; lastKnownFileType = image.png; path = btn_Favorito_marcado.png; sourceTree = "<group>"; };
		C378EC441F055ADA00DE0318 /* Btn_favoritos_SinMarcar.png */ = {isa = PBXFileReference; lastKnownFileType = image.png; path = Btn_favoritos_SinMarcar.png; sourceTree = "<group>"; };
		C378EC451F055ADA00DE0318 /* btn_patrocinadores.png */ = {isa = PBXFileReference; lastKnownFileType = image.png; path = btn_patrocinadores.png; sourceTree = "<group>"; };
		C378EC461F055ADA00DE0318 /* btnFavorito.png */ = {isa = PBXFileReference; lastKnownFileType = image.png; path = btnFavorito.png; sourceTree = "<group>"; };
		C378EC471F055ADA00DE0318 /* img_break.png */ = {isa = PBXFileReference; lastKnownFileType = image.png; path = img_break.png; sourceTree = "<group>"; };
		C378EC481F055ADA00DE0318 /* ponente.png */ = {isa = PBXFileReference; lastKnownFileType = image.png; path = ponente.png; sourceTree = "<group>"; };
		C378EC491F055ADA00DE0318 /* programa.png */ = {isa = PBXFileReference; lastKnownFileType = image.png; path = programa.png; sourceTree = "<group>"; };
		C378EC531F0570EE00DE0318 /* splash@2x.png */ = {isa = PBXFileReference; lastKnownFileType = image.png; path = "splash@2x.png"; sourceTree = "<group>"; };
		C378EC551F0576B900DE0318 /* btn_directiva.png */ = {isa = PBXFileReference; lastKnownFileType = image.png; path = btn_directiva.png; sourceTree = "<group>"; };
		C378EC571F05820300DE0318 /* DetallePersonaVC.swift */ = {isa = PBXFileReference; fileEncoding = 4; lastKnownFileType = sourcecode.swift; path = DetallePersonaVC.swift; sourceTree = "<group>"; };
		C378EC591F05821900DE0318 /* DetallePatrocinadorVC.swift */ = {isa = PBXFileReference; fileEncoding = 4; lastKnownFileType = sourcecode.swift; path = DetallePatrocinadorVC.swift; sourceTree = "<group>"; };
		C378EC5D1F0582B700DE0318 /* Ponente_ausente_Hombre.png */ = {isa = PBXFileReference; lastKnownFileType = image.png; path = Ponente_ausente_Hombre.png; sourceTree = "<group>"; };
		C3A58D3A1F054953003095FF /* TableViewCell.swift */ = {isa = PBXFileReference; fileEncoding = 4; lastKnownFileType = sourcecode.swift; path = TableViewCell.swift; sourceTree = "<group>"; };
		C3C12F901F2B998C00D01AD4 /* mapaVinapiso3.png */ = {isa = PBXFileReference; lastKnownFileType = image.png; path = mapaVinapiso3.png; sourceTree = "<group>"; };
		C3C12F911F2B998C00D01AD4 /* mapaVinaPlantacasino2.png */ = {isa = PBXFileReference; lastKnownFileType = image.png; path = mapaVinaPlantacasino2.png; sourceTree = "<group>"; };
		C3C12F941F2B9E7A00D01AD4 /* pinilla.png */ = {isa = PBXFileReference; lastKnownFileType = image.png; path = pinilla.png; sourceTree = "<group>"; };
		C3E728F51F06671B006203A8 /* isotip.png */ = {isa = PBXFileReference; lastKnownFileType = image.png; path = isotip.png; sourceTree = "<group>"; };
		F76418B7CAE3F6027679F008 /* Pods_SMS.framework */ = {isa = PBXFileReference; explicitFileType = wrapper.framework; includeInIndex = 0; path = Pods_SMS.framework; sourceTree = BUILT_PRODUCTS_DIR; };
/* End PBXFileReference section */

/* Begin PBXFrameworksBuildPhase section */
		C34BA8771F04173500022E6B /* Frameworks */ = {
			isa = PBXFrameworksBuildPhase;
			buildActionMask = 2147483647;
			files = (
				E689768FEAE107208BBC8ED9 /* Pods_SMS.framework in Frameworks */,
			);
			runOnlyForDeploymentPostprocessing = 0;
		};
/* End PBXFrameworksBuildPhase section */

/* Begin PBXGroup section */
		53F9788938B54563D1DC5A23 /* Frameworks */ = {
			isa = PBXGroup;
			children = (
				F76418B7CAE3F6027679F008 /* Pods_SMS.framework */,
			);
			name = Frameworks;
			sourceTree = "<group>";
		};
		C3220A611F8FA93200A08B15 /* TabBars */ = {
			isa = PBXGroup;
			children = (
				C3220A5F1F8FA90600A08B15 /* CongresoTabBarVC.swift */,
				C3220A621F8FAD2A00A08B15 /* TabBarAppVC.swift */,
			);
			name = TabBars;
			sourceTree = "<group>";
		};
		C3220A641F8FC33D00A08B15 /* Sociedad */ = {
			isa = PBXGroup;
			children = (
				C3220A661F8FC48F00A08B15 /* CongresosVC.swift */,
				C3220A681F8FC4A200A08B15 /* DirectivaVC.swift */,
				C3220A6A1F8FC4AF00A08B15 /* SociedadVC.swift */,
			);
			name = Sociedad;
			sourceTree = "<group>";
		};
		C3220A651F8FC34900A08B15 /* Congreso */ = {
			isa = PBXGroup;
			children = (
				C34BA87F1F04173500022E6B /* ProgramaVC.swift */,
				C378EC361F05530900DE0318 /* SpeakersVC.swift */,
				C378EC381F05531B00DE0318 /* FavoritosVC.swift */,
				C378EC3A1F05532A00DE0318 /* PatrocinadoresVC.swift */,
				C378EC3C1F05542200DE0318 /* SMSVC.swift */,
				C334EDE21F0D3E3700A084D4 /* MapVC.swift */,
				C3220A741F9296C700A08B15 /* DirectorioVC.swift */,
				C3220A761F92970700A08B15 /* NovedadesVC.swift */,
			);
			name = Congreso;
			sourceTree = "<group>";
		};
		C34BA8711F04173500022E6B = {
			isa = PBXGroup;
			children = (
				C34BA87C1F04173500022E6B /* SMS */,
				C34BA87B1F04173500022E6B /* Products */,
				E1CBA84F3738331F549B0449 /* Pods */,
				53F9788938B54563D1DC5A23 /* Frameworks */,
			);
			sourceTree = "<group>";
		};
		C34BA87B1F04173500022E6B /* Products */ = {
			isa = PBXGroup;
			children = (
				C34BA87A1F04173500022E6B /* SMS.app */,
			);
			name = Products;
			sourceTree = "<group>";
		};
		C34BA87C1F04173500022E6B /* SMS */ = {
			isa = PBXGroup;
			children = (
				C34BA87D1F04173500022E6B /* AppDelegate.swift */,
				C3A58D3A1F054953003095FF /* TableViewCell.swift */,
				C31C25071F0BF922006492EF /* FormatoFechas.swift */,
				C378EC5C1F05823000DE0318 /* Controllers */,
				C378EC5B1F05822400DE0318 /* Detalles */,
				C3220A611F8FA93200A08B15 /* TabBars */,
				C34BA8811F04173500022E6B /* Main.storyboard */,
				C34BA8871F04173500022E6B /* Assets.xcassets */,
				C378EC401F055ADA00DE0318 /* PartesAPP */,
				C34BA8891F04173500022E6B /* LaunchScreen.storyboard */,
				C34BA88C1F04173500022E6B /* Info.plist */,
			);
			path = SMS;
			sourceTree = "<group>";
		};
		C378EC401F055ADA00DE0318 /* PartesAPP */ = {
			isa = PBXGroup;
			children = (
				C3C12F941F2B9E7A00D01AD4 /* pinilla.png */,
				C3220A6C1F8FD13600A08B15 /* Home.png */,
				C3220A6E1F8FE50A00A08B15 /* directiva.png */,
				C3220A721F90002B00A08B15 /* SplashNefro2017.png */,
				C3220A6F1F8FE50A00A08B15 /* Sociedad.png */,
				C3C12F901F2B998C00D01AD4 /* mapaVinapiso3.png */,
				C3C12F911F2B998C00D01AD4 /* mapaVinaPlantacasino2.png */,
				C3E728F51F06671B006203A8 /* isotip.png */,
				C378EC5D1F0582B700DE0318 /* Ponente_ausente_Hombre.png */,
				C378EC551F0576B900DE0318 /* btn_directiva.png */,
				C378EC531F0570EE00DE0318 /* splash@2x.png */,
				C378EC411F055ADA00DE0318 /* Btn_avanzar_derecha.png */,
				C378EC421F055ADA00DE0318 /* btn_back.png */,
				C378EC431F055ADA00DE0318 /* btn_Favorito_marcado.png */,
				C378EC441F055ADA00DE0318 /* Btn_favoritos_SinMarcar.png */,
				C378EC451F055ADA00DE0318 /* btn_patrocinadores.png */,
				C378EC461F055ADA00DE0318 /* btnFavorito.png */,
				C33A1BE21F2C006500B6B744 /* favMarcado.png */,
				C378EC471F055ADA00DE0318 /* img_break.png */,
				C378EC481F055ADA00DE0318 /* ponente.png */,
				C378EC491F055ADA00DE0318 /* programa.png */,
			);
			path = PartesAPP;
			sourceTree = "<group>";
		};
		C378EC5B1F05822400DE0318 /* Detalles */ = {
			isa = PBXGroup;
			children = (
				C378EC3E1F05543000DE0318 /* DetalleProgramaVC.swift */,
				C378EC571F05820300DE0318 /* DetallePersonaVC.swift */,
				C378EC591F05821900DE0318 /* DetallePatrocinadorVC.swift */,
			);
			name = Detalles;
			sourceTree = "<group>";
		};
		C378EC5C1F05823000DE0318 /* Controllers */ = {
			isa = PBXGroup;
			children = (
				C3220A641F8FC33D00A08B15 /* Sociedad */,
				C3220A651F8FC34900A08B15 /* Congreso */,
			);
			name = Controllers;
			sourceTree = "<group>";
		};
		E1CBA84F3738331F549B0449 /* Pods */ = {
			isa = PBXGroup;
			children = (
				73148D13B6370238CC4A32E1 /* Pods-SMS.debug.xcconfig */,
				1C2C955866E28B340F8E0309 /* Pods-SMS.release.xcconfig */,
			);
			name = Pods;
			sourceTree = "<group>";
		};
/* End PBXGroup section */

/* Begin PBXNativeTarget section */
		C34BA8791F04173500022E6B /* SMS */ = {
			isa = PBXNativeTarget;
			buildConfigurationList = C34BA88F1F04173500022E6B /* Build configuration list for PBXNativeTarget "SMS" */;
			buildPhases = (
				478175F02A308A23A12C08F7 /* [CP] Check Pods Manifest.lock */,
				C34BA8761F04173500022E6B /* Sources */,
				C34BA8771F04173500022E6B /* Frameworks */,
				C34BA8781F04173500022E6B /* Resources */,
				98D945658E6B2E5E18009630 /* [CP] Embed Pods Frameworks */,
				D4F1C66418CC97C56A99FD06 /* [CP] Copy Pods Resources */,
			);
			buildRules = (
			);
			dependencies = (
			);
			name = SMS;
			productName = SMS;
			productReference = C34BA87A1F04173500022E6B /* SMS.app */;
			productType = "com.apple.product-type.application";
		};
/* End PBXNativeTarget section */

/* Begin PBXProject section */
		C34BA8721F04173500022E6B /* Project object */ = {
			isa = PBXProject;
			attributes = {
				LastSwiftUpdateCheck = 0830;
				LastUpgradeCheck = 0830;
				ORGANIZATIONNAME = "Arturo Sanhueza";
				TargetAttributes = {
					C34BA8791F04173500022E6B = {
						CreatedOnToolsVersion = 8.3.3;
						DevelopmentTeam = U5A54XUB2N;
						ProvisioningStyle = Automatic;
					};
				};
			};
			buildConfigurationList = C34BA8751F04173500022E6B /* Build configuration list for PBXProject "SMS" */;
			compatibilityVersion = "Xcode 3.2";
			developmentRegion = English;
			hasScannedForEncodings = 0;
			knownRegions = (
				en,
				Base,
			);
			mainGroup = C34BA8711F04173500022E6B;
			productRefGroup = C34BA87B1F04173500022E6B /* Products */;
			projectDirPath = "";
			projectRoot = "";
			targets = (
				C34BA8791F04173500022E6B /* SMS */,
			);
		};
/* End PBXProject section */

/* Begin PBXResourcesBuildPhase section */
		C34BA8781F04173500022E6B /* Resources */ = {
			isa = PBXResourcesBuildPhase;
			buildActionMask = 2147483647;
			files = (
				C378EC501F055ADA00DE0318 /* img_break.png in Resources */,
				C34BA88B1F04173500022E6B /* LaunchScreen.storyboard in Resources */,
				C33A1BE31F2C006500B6B744 /* favMarcado.png in Resources */,
				C378EC561F0576B900DE0318 /* btn_directiva.png in Resources */,
				C3220A6D1F8FD13600A08B15 /* Home.png in Resources */,
				C3220A731F90002B00A08B15 /* SplashNefro2017.png in Resources */,
				C3C12F931F2B998C00D01AD4 /* mapaVinaPlantacasino2.png in Resources */,
				C378EC4A1F055ADA00DE0318 /* Btn_avanzar_derecha.png in Resources */,
				C3E728F61F06671B006203A8 /* isotip.png in Resources */,
				C378EC4C1F055ADA00DE0318 /* btn_Favorito_marcado.png in Resources */,
				C378EC5E1F0582B700DE0318 /* Ponente_ausente_Hombre.png in Resources */,
				C3220A711F8FE50A00A08B15 /* Sociedad.png in Resources */,
				C3220A701F8FE50A00A08B15 /* directiva.png in Resources */,
				C378EC4F1F055ADA00DE0318 /* btnFavorito.png in Resources */,
				C34BA8881F04173500022E6B /* Assets.xcassets in Resources */,
				C378EC4E1F055ADA00DE0318 /* btn_patrocinadores.png in Resources */,
				C378EC4D1F055ADA00DE0318 /* Btn_favoritos_SinMarcar.png in Resources */,
				C3C12F921F2B998C00D01AD4 /* mapaVinapiso3.png in Resources */,
				C34BA8831F04173500022E6B /* Main.storyboard in Resources */,
				C3C12F951F2B9E7A00D01AD4 /* pinilla.png in Resources */,
				C378EC4B1F055ADA00DE0318 /* btn_back.png in Resources */,
				C378EC541F0570EE00DE0318 /* splash@2x.png in Resources */,
				C378EC511F055ADA00DE0318 /* ponente.png in Resources */,
				C378EC521F055ADA00DE0318 /* programa.png in Resources */,
			);
			runOnlyForDeploymentPostprocessing = 0;
		};
/* End PBXResourcesBuildPhase section */

/* Begin PBXShellScriptBuildPhase section */
		478175F02A308A23A12C08F7 /* [CP] Check Pods Manifest.lock */ = {
			isa = PBXShellScriptBuildPhase;
			buildActionMask = 2147483647;
			files = (
			);
			inputPaths = (
			);
			name = "[CP] Check Pods Manifest.lock";
			outputPaths = (
			);
			runOnlyForDeploymentPostprocessing = 0;
			shellPath = /bin/sh;
			shellScript = "diff \"${PODS_ROOT}/../Podfile.lock\" \"${PODS_ROOT}/Manifest.lock\" > /dev/null\nif [ $? != 0 ] ; then\n    # print error to STDERR\n    echo \"error: The sandbox is not in sync with the Podfile.lock. Run 'pod install' or update your CocoaPods installation.\" >&2\n    exit 1\nfi\n";
			showEnvVarsInLog = 0;
		};
		98D945658E6B2E5E18009630 /* [CP] Embed Pods Frameworks */ = {
			isa = PBXShellScriptBuildPhase;
			buildActionMask = 2147483647;
			files = (
			);
			inputPaths = (
			);
			name = "[CP] Embed Pods Frameworks";
			outputPaths = (
			);
			runOnlyForDeploymentPostprocessing = 0;
			shellPath = /bin/sh;
			shellScript = "\"${SRCROOT}/Pods/Target Support Files/Pods-SMS/Pods-SMS-frameworks.sh\"\n";
			showEnvVarsInLog = 0;
		};
		D4F1C66418CC97C56A99FD06 /* [CP] Copy Pods Resources */ = {
			isa = PBXShellScriptBuildPhase;
			buildActionMask = 2147483647;
			files = (
			);
			inputPaths = (
			);
			name = "[CP] Copy Pods Resources";
			outputPaths = (
			);
			runOnlyForDeploymentPostprocessing = 0;
			shellPath = /bin/sh;
			shellScript = "\"${SRCROOT}/Pods/Target Support Files/Pods-SMS/Pods-SMS-resources.sh\"\n";
			showEnvVarsInLog = 0;
		};
/* End PBXShellScriptBuildPhase section */

/* Begin PBXSourcesBuildPhase section */
		C34BA8761F04173500022E6B /* Sources */ = {
			isa = PBXSourcesBuildPhase;
			buildActionMask = 2147483647;
			files = (
				C3220A691F8FC4A200A08B15 /* DirectivaVC.swift in Sources */,
				C3220A671F8FC48F00A08B15 /* CongresosVC.swift in Sources */,
				C3220A751F9296C700A08B15 /* DirectorioVC.swift in Sources */,
				C378EC391F05531B00DE0318 /* FavoritosVC.swift in Sources */,
				C34BA8801F04173500022E6B /* ProgramaVC.swift in Sources */,
				C334EDE31F0D3E3700A084D4 /* MapVC.swift in Sources */,
				C378EC3D1F05542200DE0318 /* SMSVC.swift in Sources */,
				C3220A601F8FA90600A08B15 /* CongresoTabBarVC.swift in Sources */,
				C31C25081F0BF922006492EF /* FormatoFechas.swift in Sources */,
				C378EC581F05820300DE0318 /* DetallePersonaVC.swift in Sources */,
				C378EC3B1F05532A00DE0318 /* PatrocinadoresVC.swift in Sources */,
				C3A58D3B1F054953003095FF /* TableViewCell.swift in Sources */,
				C378EC371F05530900DE0318 /* SpeakersVC.swift in Sources */,
				C3220A631F8FAD2A00A08B15 /* TabBarAppVC.swift in Sources */,
				C3220A771F92970700A08B15 /* NovedadesVC.swift in Sources */,
				C34BA87E1F04173500022E6B /* AppDelegate.swift in Sources */,
				C378EC3F1F05543000DE0318 /* DetalleProgramaVC.swift in Sources */,
				C3220A6B1F8FC4AF00A08B15 /* SociedadVC.swift in Sources */,
				C378EC5A1F05821900DE0318 /* DetallePatrocinadorVC.swift in Sources */,
			);
			runOnlyForDeploymentPostprocessing = 0;
		};
/* End PBXSourcesBuildPhase section */

/* Begin PBXVariantGroup section */
		C34BA8811F04173500022E6B /* Main.storyboard */ = {
			isa = PBXVariantGroup;
			children = (
				C34BA8821F04173500022E6B /* Base */,
			);
			name = Main.storyboard;
			sourceTree = "<group>";
		};
		C34BA8891F04173500022E6B /* LaunchScreen.storyboard */ = {
			isa = PBXVariantGroup;
			children = (
				C34BA88A1F04173500022E6B /* Base */,
			);
			name = LaunchScreen.storyboard;
			sourceTree = "<group>";
		};
/* End PBXVariantGroup section */

/* Begin XCBuildConfiguration section */
		C34BA88D1F04173500022E6B /* Debug */ = {
			isa = XCBuildConfiguration;
			buildSettings = {
				ALWAYS_SEARCH_USER_PATHS = NO;
				CLANG_ANALYZER_NONNULL = YES;
				CLANG_ANALYZER_NUMBER_OBJECT_CONVERSION = YES_AGGRESSIVE;
				CLANG_CXX_LANGUAGE_STANDARD = "gnu++0x";
				CLANG_CXX_LIBRARY = "libc++";
				CLANG_ENABLE_MODULES = YES;
				CLANG_ENABLE_OBJC_ARC = YES;
				CLANG_WARN_BOOL_CONVERSION = YES;
				CLANG_WARN_CONSTANT_CONVERSION = YES;
				CLANG_WARN_DIRECT_OBJC_ISA_USAGE = YES_ERROR;
				CLANG_WARN_DOCUMENTATION_COMMENTS = YES;
				CLANG_WARN_EMPTY_BODY = YES;
				CLANG_WARN_ENUM_CONVERSION = YES;
				CLANG_WARN_INFINITE_RECURSION = YES;
				CLANG_WARN_INT_CONVERSION = YES;
				CLANG_WARN_OBJC_ROOT_CLASS = YES_ERROR;
				CLANG_WARN_SUSPICIOUS_MOVE = YES;
				CLANG_WARN_UNREACHABLE_CODE = YES;
				CLANG_WARN__DUPLICATE_METHOD_MATCH = YES;
				"CODE_SIGN_IDENTITY[sdk=iphoneos*]" = "iPhone Developer";
				COPY_PHASE_STRIP = NO;
				DEBUG_INFORMATION_FORMAT = dwarf;
				ENABLE_STRICT_OBJC_MSGSEND = YES;
				ENABLE_TESTABILITY = YES;
				GCC_C_LANGUAGE_STANDARD = gnu99;
				GCC_DYNAMIC_NO_PIC = NO;
				GCC_NO_COMMON_BLOCKS = YES;
				GCC_OPTIMIZATION_LEVEL = 0;
				GCC_PREPROCESSOR_DEFINITIONS = (
					"DEBUG=1",
					"$(inherited)",
				);
				GCC_WARN_64_TO_32_BIT_CONVERSION = YES;
				GCC_WARN_ABOUT_RETURN_TYPE = YES_ERROR;
				GCC_WARN_UNDECLARED_SELECTOR = YES;
				GCC_WARN_UNINITIALIZED_AUTOS = YES_AGGRESSIVE;
				GCC_WARN_UNUSED_FUNCTION = YES;
				GCC_WARN_UNUSED_VARIABLE = YES;
				IPHONEOS_DEPLOYMENT_TARGET = 10.3;
				MTL_ENABLE_DEBUG_INFO = YES;
				ONLY_ACTIVE_ARCH = YES;
				SDKROOT = iphoneos;
				SWIFT_ACTIVE_COMPILATION_CONDITIONS = DEBUG;
				SWIFT_OPTIMIZATION_LEVEL = "-Onone";
			};
			name = Debug;
		};
		C34BA88E1F04173500022E6B /* Release */ = {
			isa = XCBuildConfiguration;
			buildSettings = {
				ALWAYS_SEARCH_USER_PATHS = NO;
				CLANG_ANALYZER_NONNULL = YES;
				CLANG_ANALYZER_NUMBER_OBJECT_CONVERSION = YES_AGGRESSIVE;
				CLANG_CXX_LANGUAGE_STANDARD = "gnu++0x";
				CLANG_CXX_LIBRARY = "libc++";
				CLANG_ENABLE_MODULES = YES;
				CLANG_ENABLE_OBJC_ARC = YES;
				CLANG_WARN_BOOL_CONVERSION = YES;
				CLANG_WARN_CONSTANT_CONVERSION = YES;
				CLANG_WARN_DIRECT_OBJC_ISA_USAGE = YES_ERROR;
				CLANG_WARN_DOCUMENTATION_COMMENTS = YES;
				CLANG_WARN_EMPTY_BODY = YES;
				CLANG_WARN_ENUM_CONVERSION = YES;
				CLANG_WARN_INFINITE_RECURSION = YES;
				CLANG_WARN_INT_CONVERSION = YES;
				CLANG_WARN_OBJC_ROOT_CLASS = YES_ERROR;
				CLANG_WARN_SUSPICIOUS_MOVE = YES;
				CLANG_WARN_UNREACHABLE_CODE = YES;
				CLANG_WARN__DUPLICATE_METHOD_MATCH = YES;
				"CODE_SIGN_IDENTITY[sdk=iphoneos*]" = "iPhone Developer";
				COPY_PHASE_STRIP = NO;
				DEBUG_INFORMATION_FORMAT = "dwarf-with-dsym";
				ENABLE_NS_ASSERTIONS = NO;
				ENABLE_STRICT_OBJC_MSGSEND = YES;
				GCC_C_LANGUAGE_STANDARD = gnu99;
				GCC_NO_COMMON_BLOCKS = YES;
				GCC_WARN_64_TO_32_BIT_CONVERSION = YES;
				GCC_WARN_ABOUT_RETURN_TYPE = YES_ERROR;
				GCC_WARN_UNDECLARED_SELECTOR = YES;
				GCC_WARN_UNINITIALIZED_AUTOS = YES_AGGRESSIVE;
				GCC_WARN_UNUSED_FUNCTION = YES;
				GCC_WARN_UNUSED_VARIABLE = YES;
				IPHONEOS_DEPLOYMENT_TARGET = 10.3;
				MTL_ENABLE_DEBUG_INFO = NO;
				SDKROOT = iphoneos;
				SWIFT_OPTIMIZATION_LEVEL = "-Owholemodule";
				VALIDATE_PRODUCT = YES;
			};
			name = Release;
		};
		C34BA8901F04173500022E6B /* Debug */ = {
			isa = XCBuildConfiguration;
			baseConfigurationReference = 73148D13B6370238CC4A32E1 /* Pods-SMS.debug.xcconfig */;
			buildSettings = {
				ASSETCATALOG_COMPILER_APPICON_NAME = AppIcon;
				DEVELOPMENT_TEAM = U5A54XUB2N;
				INFOPLIST_FILE = SMS/Info.plist;
				LD_RUNPATH_SEARCH_PATHS = "$(inherited) @executable_path/Frameworks";
				PRODUCT_BUNDLE_IDENTIFIER = mobicongress.Nefro;
				PRODUCT_NAME = "$(TARGET_NAME)";
				SWIFT_VERSION = 3.0;
			};
			name = Debug;
		};
		C34BA8911F04173500022E6B /* Release */ = {
			isa = XCBuildConfiguration;
			baseConfigurationReference = 1C2C955866E28B340F8E0309 /* Pods-SMS.release.xcconfig */;
			buildSettings = {
				ASSETCATALOG_COMPILER_APPICON_NAME = AppIcon;
				DEVELOPMENT_TEAM = U5A54XUB2N;
				INFOPLIST_FILE = SMS/Info.plist;
				LD_RUNPATH_SEARCH_PATHS = "$(inherited) @executable_path/Frameworks";
				PRODUCT_BUNDLE_IDENTIFIER = mobicongress.Nefro;
				PRODUCT_NAME = "$(TARGET_NAME)";
				SWIFT_VERSION = 3.0;
			};
			name = Release;
		};
/* End XCBuildConfiguration section */

/* Begin XCConfigurationList section */
		C34BA8751F04173500022E6B /* Build configuration list for PBXProject "SMS" */ = {
			isa = XCConfigurationList;
			buildConfigurations = (
				C34BA88D1F04173500022E6B /* Debug */,
				C34BA88E1F04173500022E6B /* Release */,
			);
			defaultConfigurationIsVisible = 0;
			defaultConfigurationName = Release;
		};
		C34BA88F1F04173500022E6B /* Build configuration list for PBXNativeTarget "SMS" */ = {
			isa = XCConfigurationList;
			buildConfigurations = (
				C34BA8901F04173500022E6B /* Debug */,
				C34BA8911F04173500022E6B /* Release */,
			);
			defaultConfigurationIsVisible = 0;
			defaultConfigurationName = Release;
		};
/* End XCConfigurationList section */
	};
	rootObject = C34BA8721F04173500022E6B /* Project object */;
}
